{
    "version": 3,
    "terraform_version": "0.11.14",
    "serial": 19,
    "lineage": "d6aeeed3-f0c6-3e9d-724f-04e28bedcdc5",
    "modules": [
        {
            "path": [
                "root"
            ],
            "outputs": {},
            "resources": {
                "aws_appautoscaling_policy.read_policy": {
                    "type": "aws_appautoscaling_policy",
                    "depends_on": [
                        "aws_appautoscaling_target.read_target"
                    ],
                    "primary": {
                        "id": "DynamoDBReadCapacityUtilization:table/test1",
                        "attributes": {
                            "arn": "arn:aws:autoscaling:us-east-1:285172960274:scalingPolicy:06c7ea7d-a7d6-4ef5-bfc6-cc28fd8644d9:resource/dynamodb/table/test1:policyName/DynamoDBReadCapacityUtilization:table/test1",
                            "id": "DynamoDBReadCapacityUtilization:table/test1",
                            "name": "DynamoDBReadCapacityUtilization:table/test1",
                            "policy_type": "TargetTrackingScaling",
                            "resource_id": "table/test1",
                            "scalable_dimension": "dynamodb:table:ReadCapacityUnits",
                            "service_namespace": "dynamodb",
                            "step_scaling_policy_configuration.#": "0",
                            "target_tracking_scaling_policy_configuration.#": "1",
                            "target_tracking_scaling_policy_configuration.0.customized_metric_specification.#": "0",
                            "target_tracking_scaling_policy_configuration.0.disable_scale_in": "false",
                            "target_tracking_scaling_policy_configuration.0.predefined_metric_specification.#": "1",
                            "target_tracking_scaling_policy_configuration.0.predefined_metric_specification.0.predefined_metric_type": "DynamoDBReadCapacityUtilization",
                            "target_tracking_scaling_policy_configuration.0.predefined_metric_specification.0.resource_label": "",
                            "target_tracking_scaling_policy_configuration.0.scale_in_cooldown": "0",
                            "target_tracking_scaling_policy_configuration.0.scale_out_cooldown": "0",
                            "target_tracking_scaling_policy_configuration.0.target_value": "50"
                        },
                        "meta": {},
                        "tainted": false
                    },
                    "deposed": [],
                    "provider": "provider.aws"
                },
                "aws_appautoscaling_policy.write_policy": {
                    "type": "aws_appautoscaling_policy",
                    "depends_on": [
                        "aws_appautoscaling_target.write_target"
                    ],
                    "primary": {
                        "id": "DynamoDBWriteCapacityUtilization:table/test1",
                        "attributes": {
                            "arn": "arn:aws:autoscaling:us-east-1:285172960274:scalingPolicy:65d94b91-8b68-42cb-ab57-c0bcbe43c1a8:resource/dynamodb/table/test1:policyName/DynamoDBWriteCapacityUtilization:table/test1",
                            "id": "DynamoDBWriteCapacityUtilization:table/test1",
                            "name": "DynamoDBWriteCapacityUtilization:table/test1",
                            "policy_type": "TargetTrackingScaling",
                            "resource_id": "table/test1",
                            "scalable_dimension": "dynamodb:table:WriteCapacityUnits",
                            "service_namespace": "dynamodb",
                            "step_scaling_policy_configuration.#": "0",
                            "target_tracking_scaling_policy_configuration.#": "1",
                            "target_tracking_scaling_policy_configuration.0.customized_metric_specification.#": "0",
                            "target_tracking_scaling_policy_configuration.0.disable_scale_in": "false",
                            "target_tracking_scaling_policy_configuration.0.predefined_metric_specification.#": "1",
                            "target_tracking_scaling_policy_configuration.0.predefined_metric_specification.0.predefined_metric_type": "DynamoDBWriteCapacityUtilization",
                            "target_tracking_scaling_policy_configuration.0.predefined_metric_specification.0.resource_label": "",
                            "target_tracking_scaling_policy_configuration.0.scale_in_cooldown": "0",
                            "target_tracking_scaling_policy_configuration.0.scale_out_cooldown": "0",
                            "target_tracking_scaling_policy_configuration.0.target_value": "50"
                        },
                        "meta": {},
                        "tainted": false
                    },
                    "deposed": [],
                    "provider": "provider.aws"
                },
                "aws_appautoscaling_target.read_target": {
                    "type": "aws_appautoscaling_target",
                    "depends_on": [
                        "aws_iam_role.autoscaler"
                    ],
                    "primary": {
                        "id": "table/test1",
                        "attributes": {
                            "id": "table/test1",
                            "max_capacity": "100",
                            "min_capacity": "5",
                            "resource_id": "table/test1",
                            "role_arn": "arn:aws:iam::285172960274:role/aws-service-role/dynamodb.application-autoscaling.amazonaws.com/AWSServiceRoleForApplicationAutoScaling_DynamoDBTable",
                            "scalable_dimension": "dynamodb:table:ReadCapacityUnits",
                            "service_namespace": "dynamodb"
                        },
                        "meta": {},
                        "tainted": false
                    },
                    "deposed": [],
                    "provider": "provider.aws"
                },
                "aws_appautoscaling_target.write_target": {
                    "type": "aws_appautoscaling_target",
                    "depends_on": [
                        "aws_iam_role.autoscaler"
                    ],
                    "primary": {
                        "id": "table/test1",
                        "attributes": {
                            "id": "table/test1",
                            "max_capacity": "100",
                            "min_capacity": "5",
                            "resource_id": "table/test1",
                            "role_arn": "arn:aws:iam::285172960274:role/aws-service-role/dynamodb.application-autoscaling.amazonaws.com/AWSServiceRoleForApplicationAutoScaling_DynamoDBTable",
                            "scalable_dimension": "dynamodb:table:WriteCapacityUnits",
                            "service_namespace": "dynamodb"
                        },
                        "meta": {},
                        "tainted": false
                    },
                    "deposed": [],
                    "provider": "provider.aws"
                },
                "aws_autoscaling_group.auth": {
                    "type": "aws_autoscaling_group",
                    "depends_on": [
                        "aws_launch_configuration.auth",
                        "aws_lb_target_group.auth",
                        "aws_subnet.auth.*",
                        "local.azs"
                    ],
                    "primary": {
                        "id": "test1-auth",
                        "attributes": {
                            "arn": "arn:aws:autoscaling:us-east-1:285172960274:autoScalingGroup:0cc63160-d6be-4700-acd8-c468e66fee11:autoScalingGroupName/test1-auth",
                            "availability_zones.#": "2",
                            "availability_zones.1305112097": "us-east-1b",
                            "availability_zones.3569565595": "us-east-1a",
                            "default_cooldown": "300",
                            "desired_capacity": "2",
                            "enabled_metrics.#": "0",
                            "force_delete": "false",
                            "health_check_grace_period": "300",
                            "health_check_type": "EC2",
                            "id": "test1-auth",
                            "launch_configuration": "test1-auth-20190910225311559500000002",
                            "launch_template.#": "0",
                            "load_balancers.#": "0",
                            "max_size": "5",
                            "metrics_granularity": "1Minute",
                            "min_size": "2",
                            "name": "test1-auth",
                            "placement_group": "",
                            "protect_from_scale_in": "false",
                            "service_linked_role_arn": "arn:aws:iam::285172960274:role/aws-service-role/autoscaling.amazonaws.com/AWSServiceRoleForAutoScaling",
                            "suspended_processes.#": "0",
                            "tag.#": "2",
                            "tag.2086280786.key": "TeleportCluster",
                            "tag.2086280786.propagate_at_launch": "true",
                            "tag.2086280786.value": "test1",
                            "tag.93881436.key": "TeleportRole",
                            "tag.93881436.propagate_at_launch": "true",
                            "tag.93881436.value": "auth",
                            "target_group_arns.#": "1",
                            "target_group_arns.3598259489": "arn:aws:elasticloadbalancing:us-east-1:285172960274:targetgroup/test1-auth/9261430428cde0f4",
                            "termination_policies.#": "0",
                            "vpc_zone_identifier.#": "2",
                            "vpc_zone_identifier.3672912222": "subnet-0ec89dd4cd133c463",
                            "vpc_zone_identifier.975300568": "subnet-05a37fd2847a5c218",
                            "wait_for_capacity_timeout": "10m"
                        },
                        "meta": {
                            "e2bfb730-ecaa-11e6-8f88-34363bc7c4c0": {
                                "delete": 600000000000
                            }
                        },
                        "tainted": false
                    },
                    "deposed": [],
                    "provider": "provider.aws"
                },
                "aws_autoscaling_group.monitor": {
                    "type": "aws_autoscaling_group",
                    "depends_on": [
                        "aws_launch_configuration.monitor",
                        "aws_lb_target_group.monitor",
                        "aws_lb_target_group.proxy_grafana",
                        "aws_subnet.public"
                    ],
                    "primary": {
                        "id": "test1-monitor",
                        "attributes": {
                            "arn": "arn:aws:autoscaling:us-east-1:285172960274:autoScalingGroup:1e4aa218-c04b-4090-8674-be87ce7bfeb8:autoScalingGroupName/test1-monitor",
                            "availability_zones.#": "1",
                            "availability_zones.3569565595": "us-east-1a",
                            "default_cooldown": "300",
                            "desired_capacity": "1",
                            "enabled_metrics.#": "0",
                            "force_delete": "false",
                            "health_check_grace_period": "300",
                            "health_check_type": "EC2",
                            "id": "test1-monitor",
                            "launch_configuration": "test1-monitor-20190910225049463700000001",
                            "launch_template.#": "0",
                            "load_balancers.#": "0",
                            "max_size": "1",
                            "metrics_granularity": "1Minute",
                            "min_size": "1",
                            "name": "test1-monitor",
                            "placement_group": "",
                            "protect_from_scale_in": "false",
                            "service_linked_role_arn": "arn:aws:iam::285172960274:role/aws-service-role/autoscaling.amazonaws.com/AWSServiceRoleForAutoScaling",
                            "suspended_processes.#": "0",
                            "tag.#": "1",
                            "tag.2086280786.key": "TeleportCluster",
                            "tag.2086280786.propagate_at_launch": "true",
                            "tag.2086280786.value": "test1",
                            "target_group_arns.#": "2",
                            "target_group_arns.3594479145": "arn:aws:elasticloadbalancing:us-east-1:285172960274:targetgroup/test1-monitor/ad579a582d5de5fc",
                            "target_group_arns.3834347279": "arn:aws:elasticloadbalancing:us-east-1:285172960274:targetgroup/test1-proxy-grafana/f112e77bbcb675df",
                            "termination_policies.#": "0",
                            "vpc_zone_identifier.#": "1",
                            "vpc_zone_identifier.530384768": "subnet-0342d06b933ed0a4e",
                            "wait_for_capacity_timeout": "10m"
                        },
                        "meta": {
                            "e2bfb730-ecaa-11e6-8f88-34363bc7c4c0": {
                                "delete": 600000000000
                            }
                        },
                        "tainted": false
                    },
                    "deposed": [],
                    "provider": "provider.aws"
                },
                "aws_autoscaling_group.node": {
                    "type": "aws_autoscaling_group",
                    "depends_on": [
                        "aws_launch_configuration.node",
                        "aws_subnet.node.*"
                    ],
                    "primary": {
                        "id": "test1-node",
                        "attributes": {
                            "arn": "arn:aws:autoscaling:us-east-1:285172960274:autoScalingGroup:0e1620f8-b200-4ea3-92b3-89feeeaae4fa:autoScalingGroupName/test1-node",
                            "availability_zones.#": "2",
                            "availability_zones.1305112097": "us-east-1b",
                            "availability_zones.3569565595": "us-east-1a",
                            "default_cooldown": "300",
                            "desired_capacity": "1",
                            "enabled_metrics.#": "0",
                            "force_delete": "false",
                            "health_check_grace_period": "300",
                            "health_check_type": "EC2",
                            "id": "test1-node",
                            "launch_configuration": "test1-node-20190910225341394100000004",
                            "launch_template.#": "0",
                            "load_balancers.#": "0",
                            "max_size": "1000",
                            "metrics_granularity": "1Minute",
                            "min_size": "1",
                            "name": "test1-node",
                            "placement_group": "",
                            "protect_from_scale_in": "false",
                            "service_linked_role_arn": "arn:aws:iam::285172960274:role/aws-service-role/autoscaling.amazonaws.com/AWSServiceRoleForAutoScaling",
                            "suspended_processes.#": "0",
                            "tag.#": "2",
                            "tag.2086280786.key": "TeleportCluster",
                            "tag.2086280786.propagate_at_launch": "true",
                            "tag.2086280786.value": "test1",
                            "tag.3490793429.key": "TeleportRole",
                            "tag.3490793429.propagate_at_launch": "true",
                            "tag.3490793429.value": "node",
                            "target_group_arns.#": "0",
                            "termination_policies.#": "0",
                            "vpc_zone_identifier.#": "2",
                            "vpc_zone_identifier.2052681781": "subnet-0d1de3bcbd26ebe4c",
                            "vpc_zone_identifier.889046771": "subnet-06150bcf38a045934",
                            "wait_for_capacity_timeout": "10m"
                        },
                        "meta": {
                            "e2bfb730-ecaa-11e6-8f88-34363bc7c4c0": {
                                "delete": 600000000000
                            }
                        },
                        "tainted": false
                    },
                    "deposed": [],
                    "provider": "provider.aws"
                },
                "aws_autoscaling_group.proxy": {
                    "type": "aws_autoscaling_group",
                    "depends_on": [
                        "aws_launch_configuration.proxy",
                        "aws_lb_target_group.proxy_proxy",
                        "aws_lb_target_group.proxy_web",
                        "aws_subnet.public.*",
                        "local.azs"
                    ],
                    "primary": {
                        "id": "test1-proxy",
                        "attributes": {
                            "arn": "arn:aws:autoscaling:us-east-1:285172960274:autoScalingGroup:a4d3cb03-de72-4b03-902e-c8aac8c7b67c:autoScalingGroupName/test1-proxy",
                            "availability_zones.#": "2",
                            "availability_zones.1305112097": "us-east-1b",
                            "availability_zones.3569565595": "us-east-1a",
                            "default_cooldown": "300",
                            "desired_capacity": "2",
                            "enabled_metrics.#": "0",
                            "force_delete": "false",
                            "health_check_grace_period": "300",
                            "health_check_type": "EC2",
                            "id": "test1-proxy",
                            "launch_configuration": "test1-proxy-20190910225341383900000003",
                            "launch_template.#": "0",
                            "load_balancers.#": "0",
                            "max_size": "5",
                            "metrics_granularity": "1Minute",
                            "min_size": "2",
                            "name": "test1-proxy",
                            "placement_group": "",
                            "protect_from_scale_in": "false",
                            "service_linked_role_arn": "arn:aws:iam::285172960274:role/aws-service-role/autoscaling.amazonaws.com/AWSServiceRoleForAutoScaling",
                            "suspended_processes.#": "0",
                            "tag.#": "2",
                            "tag.2086280786.key": "TeleportCluster",
                            "tag.2086280786.propagate_at_launch": "true",
                            "tag.2086280786.value": "test1",
                            "tag.3766871209.key": "TeleportRole",
                            "tag.3766871209.propagate_at_launch": "true",
                            "tag.3766871209.value": "proxy",
                            "target_group_arns.#": "2",
                            "target_group_arns.1801021193": "arn:aws:elasticloadbalancing:us-east-1:285172960274:targetgroup/test1-proxy-proxy/774c5d03bcd4b4c8",
                            "target_group_arns.3919334540": "arn:aws:elasticloadbalancing:us-east-1:285172960274:targetgroup/test1-proxy-web/618a0b0b4e1381f5",
                            "termination_policies.#": "0",
                            "vpc_zone_identifier.#": "2",
                            "vpc_zone_identifier.2281546213": "subnet-0fe1400144e895a83",
                            "vpc_zone_identifier.530384768": "subnet-0342d06b933ed0a4e",
                            "wait_for_capacity_timeout": "10m"
                        },
                        "meta": {
                            "e2bfb730-ecaa-11e6-8f88-34363bc7c4c0": {
                                "delete": 600000000000
                            }
                        },
                        "tainted": false
                    },
                    "deposed": [],
                    "provider": "provider.aws"
                },
                "aws_dynamodb_table.locks": {
                    "type": "aws_dynamodb_table",
                    "depends_on": [],
                    "primary": {
                        "id": "test1-locks",
                        "attributes": {
                            "arn": "arn:aws:dynamodb:us-east-1:285172960274:table/test1-locks",
                            "attribute.#": "1",
                            "attribute.2971876960.name": "Lock",
                            "attribute.2971876960.type": "S",
                            "global_secondary_index.#": "0",
                            "hash_key": "Lock",
                            "id": "test1-locks",
                            "local_secondary_index.#": "0",
                            "name": "test1-locks",
                            "point_in_time_recovery.#": "1",
                            "point_in_time_recovery.0.enabled": "false",
                            "read_capacity": "10",
                            "server_side_encryption.#": "0",
                            "stream_arn": "",
                            "stream_enabled": "false",
                            "stream_label": "",
                            "stream_view_type": "",
                            "tags.%": "1",
                            "tags.TeleportCluster": "test1",
                            "ttl.#": "1",
                            "ttl.2362996944.attribute_name": "Expires",
                            "ttl.2362996944.enabled": "true",
                            "write_capacity": "10"
                        },
                        "meta": {
                            "e2bfb730-ecaa-11e6-8f88-34363bc7c4c0": {
                                "create": 600000000000,
                                "delete": 600000000000,
                                "update": 600000000000
                            },
                            "schema_version": "1"
                        },
                        "tainted": false
                    },
                    "deposed": [],
                    "provider": "provider.aws"
                },
                "aws_dynamodb_table.teleport": {
                    "type": "aws_dynamodb_table",
                    "depends_on": [],
                    "primary": {
                        "id": "test1",
                        "attributes": {
                            "arn": "arn:aws:dynamodb:us-east-1:285172960274:table/test1",
                            "attribute.#": "2",
                            "attribute.2627418780.name": "FullPath",
                            "attribute.2627418780.type": "S",
                            "attribute.793004734.name": "HashKey",
                            "attribute.793004734.type": "S",
                            "global_secondary_index.#": "0",
                            "hash_key": "HashKey",
                            "id": "test1",
                            "local_secondary_index.#": "0",
                            "name": "test1",
                            "point_in_time_recovery.#": "1",
                            "point_in_time_recovery.0.enabled": "false",
                            "range_key": "FullPath",
                            "read_capacity": "20",
                            "server_side_encryption.#": "1",
                            "server_side_encryption.0.enabled": "true",
                            "stream_arn": "",
                            "stream_enabled": "false",
                            "stream_label": "",
                            "stream_view_type": "",
                            "tags.%": "1",
                            "tags.TeleportCluster": "test1",
                            "ttl.#": "1",
                            "ttl.2362996944.attribute_name": "Expires",
                            "ttl.2362996944.enabled": "true",
                            "write_capacity": "20"
                        },
                        "meta": {
                            "e2bfb730-ecaa-11e6-8f88-34363bc7c4c0": {
                                "create": 600000000000,
                                "delete": 600000000000,
                                "update": 600000000000
                            },
                            "schema_version": "1"
                        },
                        "tainted": false
                    },
                    "deposed": [],
                    "provider": "provider.aws"
                },
                "aws_dynamodb_table.teleport_events": {
                    "type": "aws_dynamodb_table",
                    "depends_on": [],
                    "primary": {
                        "id": "test1-events",
                        "attributes": {
                            "arn": "arn:aws:dynamodb:us-east-1:285172960274:table/test1-events",
                            "attribute.#": "4",
                            "attribute.2856920920.name": "EventIndex",
                            "attribute.2856920920.type": "N",
                            "attribute.4150855366.name": "CreatedAt",
                            "attribute.4150855366.type": "N",
                            "attribute.427230268.name": "EventNamespace",
                            "attribute.427230268.type": "S",
                            "attribute.434344726.name": "SessionID",
                            "attribute.434344726.type": "S",
                            "global_secondary_index.#": "1",
                            "global_secondary_index.3381148558.hash_key": "EventNamespace",
                            "global_secondary_index.3381148558.name": "timesearch",
                            "global_secondary_index.3381148558.non_key_attributes.#": "0",
                            "global_secondary_index.3381148558.projection_type": "ALL",
                            "global_secondary_index.3381148558.range_key": "CreatedAt",
                            "global_secondary_index.3381148558.read_capacity": "20",
                            "global_secondary_index.3381148558.write_capacity": "20",
                            "hash_key": "SessionID",
                            "id": "test1-events",
                            "local_secondary_index.#": "0",
                            "name": "test1-events",
                            "point_in_time_recovery.#": "1",
                            "point_in_time_recovery.0.enabled": "false",
                            "range_key": "EventIndex",
                            "read_capacity": "20",
                            "server_side_encryption.#": "1",
                            "server_side_encryption.0.enabled": "true",
                            "stream_arn": "",
                            "stream_enabled": "false",
                            "stream_label": "",
                            "stream_view_type": "",
                            "tags.%": "1",
                            "tags.TeleportCluster": "test1",
                            "ttl.#": "1",
                            "ttl.2362996944.attribute_name": "Expires",
                            "ttl.2362996944.enabled": "true",
                            "write_capacity": "20"
                        },
                        "meta": {
                            "e2bfb730-ecaa-11e6-8f88-34363bc7c4c0": {
                                "create": 600000000000,
                                "delete": 600000000000,
                                "update": 600000000000
                            },
                            "schema_version": "1"
                        },
                        "tainted": false
                    },
                    "deposed": [],
                    "provider": "provider.aws"
                },
                "aws_eip.nat.0": {
                    "type": "aws_eip",
                    "depends_on": [
                        "local.azs"
                    ],
                    "primary": {
                        "id": "eipalloc-0fcabed52aa6b42d0",
                        "attributes": {
                            "association_id": "eipassoc-018b08e6dcd0e72d9",
                            "domain": "vpc",
                            "id": "eipalloc-0fcabed52aa6b42d0",
                            "instance": "",
                            "network_interface": "eni-029c1ee64eaea3ea8",
                            "private_ip": "172.31.2.57",
                            "public_ip": "3.94.12.118",
                            "tags.%": "1",
                            "tags.TeleportCluster": "test1",
                            "vpc": "true"
                        },
                        "meta": {
                            "e2bfb730-ecaa-11e6-8f88-34363bc7c4c0": {
                                "delete": 180000000000,
                                "read": 900000000000,
                                "update": 300000000000
                            }
                        },
                        "tainted": false
                    },
                    "deposed": [],
                    "provider": "provider.aws"
                },
                "aws_eip.nat.1": {
                    "type": "aws_eip",
                    "depends_on": [
                        "local.azs"
                    ],
                    "primary": {
                        "id": "eipalloc-0777cf57924a0ec24",
                        "attributes": {
                            "association_id": "eipassoc-0666ea38f4c876fca",
                            "domain": "vpc",
                            "id": "eipalloc-0777cf57924a0ec24",
                            "instance": "",
                            "network_interface": "eni-0341b01cc09cddd1e",
                            "private_ip": "172.31.3.111",
                            "public_ip": "34.192.239.132",
                            "tags.%": "1",
                            "tags.TeleportCluster": "test1",
                            "vpc": "true"
                        },
                        "meta": {
                            "e2bfb730-ecaa-11e6-8f88-34363bc7c4c0": {
                                "delete": 180000000000,
                                "read": 900000000000,
                                "update": 300000000000
                            }
                        },
                        "tainted": false
                    },
                    "deposed": [],
                    "provider": "provider.aws"
                },
                "aws_iam_instance_profile.auth": {
                    "type": "aws_iam_instance_profile",
                    "depends_on": [
                        "aws_iam_role.auth",
                        "aws_iam_role_policy.auth_ssm"
                    ],
                    "primary": {
                        "id": "test1-auth",
                        "attributes": {
                            "arn": "arn:aws:iam::285172960274:instance-profile/test1-auth",
                            "id": "test1-auth",
                            "name": "test1-auth",
                            "path": "/",
                            "role": "test1-auth",
                            "roles.#": "1",
                            "roles.533314508": "test1-auth",
                            "unique_id": "AIPAUEZNCBQJNEMEH2S4S"
                        },
                        "meta": {},
                        "tainted": false
                    },
                    "deposed": [],
                    "provider": "provider.aws"
                },
                "aws_iam_instance_profile.monitor": {
                    "type": "aws_iam_instance_profile",
                    "depends_on": [
                        "aws_iam_role.monitor",
                        "aws_iam_role_policy.monitor_s3"
                    ],
                    "primary": {
                        "id": "test1-monitor",
                        "attributes": {
                            "arn": "arn:aws:iam::285172960274:instance-profile/test1-monitor",
                            "id": "test1-monitor",
                            "name": "test1-monitor",
                            "path": "/",
                            "role": "test1-monitor",
                            "roles.#": "1",
                            "roles.2062204789": "test1-monitor",
                            "unique_id": "AIPAUEZNCBQJJTYC2BBPF"
                        },
                        "meta": {},
                        "tainted": false
                    },
                    "deposed": [],
                    "provider": "provider.aws"
                },
                "aws_iam_instance_profile.node": {
                    "type": "aws_iam_instance_profile",
                    "depends_on": [
                        "aws_iam_role.node",
                        "aws_iam_role_policy.node_ssm"
                    ],
                    "primary": {
                        "id": "test1-node",
                        "attributes": {
                            "arn": "arn:aws:iam::285172960274:instance-profile/test1-node",
                            "id": "test1-node",
                            "name": "test1-node",
                            "path": "/",
                            "role": "test1-node",
                            "roles.#": "1",
                            "roles.1651041232": "test1-node",
                            "unique_id": "AIPAUEZNCBQJOAR3QIHO7"
                        },
                        "meta": {},
                        "tainted": false
                    },
                    "deposed": [],
                    "provider": "provider.aws"
                },
                "aws_iam_instance_profile.proxy": {
                    "type": "aws_iam_instance_profile",
                    "depends_on": [
                        "aws_iam_role.proxy",
                        "aws_iam_role_policy.proxy_ssm"
                    ],
                    "primary": {
                        "id": "test1-proxy",
                        "attributes": {
                            "arn": "arn:aws:iam::285172960274:instance-profile/test1-proxy",
                            "id": "test1-proxy",
                            "name": "test1-proxy",
                            "path": "/",
                            "role": "test1-proxy",
                            "roles.#": "1",
                            "roles.4092639614": "test1-proxy",
                            "unique_id": "AIPAUEZNCBQJGGAFCE5LG"
                        },
                        "meta": {},
                        "tainted": false
                    },
                    "deposed": [],
                    "provider": "provider.aws"
                },
                "aws_iam_role.auth": {
                    "type": "aws_iam_role",
                    "depends_on": [],
                    "primary": {
                        "id": "test1-auth",
                        "attributes": {
                            "arn": "arn:aws:iam::285172960274:role/test1-auth",
                            "assume_role_policy": "{\"Version\":\"2012-10-17\",\"Statement\":[{\"Effect\":\"Allow\",\"Principal\":{\"Service\":\"ec2.amazonaws.com\"},\"Action\":\"sts:AssumeRole\"}]}",
                            "create_date": "2019-09-10T22:50:45Z",
                            "force_detach_policies": "false",
                            "id": "test1-auth",
                            "max_session_duration": "3600",
                            "name": "test1-auth",
                            "path": "/",
                            "unique_id": "AROAUEZNCBQJJ6SF37N6N"
                        },
                        "meta": {},
                        "tainted": false
                    },
                    "deposed": [],
                    "provider": "provider.aws"
                },
                "aws_iam_role.autoscaler": {
                    "type": "aws_iam_role",
                    "depends_on": [],
                    "primary": {
                        "id": "test1-autoscaler",
                        "attributes": {
                            "arn": "arn:aws:iam::285172960274:role/test1-autoscaler",
                            "assume_role_policy": "{\"Version\":\"2012-10-17\",\"Statement\":[{\"Effect\":\"Allow\",\"Principal\":{\"Service\":\"application-autoscaling.amazonaws.com\"},\"Action\":\"sts:AssumeRole\"}]}",
                            "create_date": "2019-09-10T22:50:45Z",
                            "force_detach_policies": "false",
                            "id": "test1-autoscaler",
                            "max_session_duration": "3600",
                            "name": "test1-autoscaler",
                            "path": "/",
                            "unique_id": "AROAUEZNCBQJNRFSVN5KS"
                        },
                        "meta": {},
                        "tainted": false
                    },
                    "deposed": [],
                    "provider": "provider.aws"
                },
                "aws_iam_role.monitor": {
                    "type": "aws_iam_role",
                    "depends_on": [],
                    "primary": {
                        "id": "test1-monitor",
                        "attributes": {
                            "arn": "arn:aws:iam::285172960274:role/test1-monitor",
                            "assume_role_policy": "{\"Version\":\"2012-10-17\",\"Statement\":[{\"Effect\":\"Allow\",\"Principal\":{\"Service\":\"ec2.amazonaws.com\"},\"Action\":\"sts:AssumeRole\"}]}",
                            "create_date": "2019-09-10T22:50:45Z",
                            "force_detach_policies": "false",
                            "id": "test1-monitor",
                            "max_session_duration": "3600",
                            "name": "test1-monitor",
                            "path": "/",
                            "unique_id": "AROAUEZNCBQJOM3XHF5VH"
                        },
                        "meta": {},
                        "tainted": false
                    },
                    "deposed": [],
                    "provider": "provider.aws"
                },
                "aws_iam_role.node": {
                    "type": "aws_iam_role",
                    "depends_on": [],
                    "primary": {
                        "id": "test1-node",
                        "attributes": {
                            "arn": "arn:aws:iam::285172960274:role/test1-node",
                            "assume_role_policy": "{\"Version\":\"2012-10-17\",\"Statement\":[{\"Effect\":\"Allow\",\"Principal\":{\"Service\":\"ec2.amazonaws.com\"},\"Action\":\"sts:AssumeRole\"}]}",
                            "create_date": "2019-09-10T22:50:45Z",
                            "force_detach_policies": "false",
                            "id": "test1-node",
                            "max_session_duration": "3600",
                            "name": "test1-node",
                            "path": "/",
                            "unique_id": "AROAUEZNCBQJKSV5HG5CV"
                        },
                        "meta": {},
                        "tainted": false
                    },
                    "deposed": [],
                    "provider": "provider.aws"
                },
                "aws_iam_role.proxy": {
                    "type": "aws_iam_role",
                    "depends_on": [],
                    "primary": {
                        "id": "test1-proxy",
                        "attributes": {
                            "arn": "arn:aws:iam::285172960274:role/test1-proxy",
                            "assume_role_policy": "{\"Version\":\"2012-10-17\",\"Statement\":[{\"Effect\":\"Allow\",\"Principal\":{\"Service\":\"ec2.amazonaws.com\"},\"Action\":\"sts:AssumeRole\"}]}",
                            "create_date": "2019-09-10T22:50:45Z",
                            "force_detach_policies": "false",
                            "id": "test1-proxy",
                            "max_session_duration": "3600",
                            "name": "test1-proxy",
                            "path": "/",
                            "unique_id": "AROAUEZNCBQJOLTBH56KC"
                        },
                        "meta": {},
                        "tainted": false
                    },
                    "deposed": [],
                    "provider": "provider.aws"
                },
                "aws_iam_role_policy.auth_dynamo": {
                    "type": "aws_iam_role_policy",
                    "depends_on": [
                        "aws_dynamodb_table.teleport",
                        "aws_dynamodb_table.teleport_events",
                        "aws_iam_role.auth",
                        "data.aws_caller_identity.current",
                        "data.aws_region.current"
                    ],
                    "primary": {
                        "id": "test1-auth:test1-auth-dynamo",
                        "attributes": {
                            "id": "test1-auth:test1-auth-dynamo",
                            "name": "test1-auth-dynamo",
                            "policy": "{\n    \"Version\": \"2012-10-17\",\n    \"Statement\": [\n        {\n            \"Sid\": \"AllActionsOnTeleportDB\",\n            \"Effect\": \"Allow\",\n            \"Action\": \"dynamodb:*\",\n            \"Resource\": \"arn:aws:dynamodb:us-east-1:285172960274:table/test1\"\n        },\n        {\n            \"Sid\": \"AllActionsOnTeleportEventsDB\",\n            \"Effect\": \"Allow\",\n            \"Action\": \"dynamodb:*\",\n            \"Resource\": \"arn:aws:dynamodb:us-east-1:285172960274:table/test1-events\"\n        },\n        {\n            \"Sid\": \"AllActionsOnTeleportEventsIndexDB\",\n            \"Effect\": \"Allow\",\n            \"Action\": \"dynamodb:*\",\n            \"Resource\": \"arn:aws:dynamodb:us-east-1:285172960274:table/test1-events/index/*\"\n        }\n    ]\n}\n",
                            "role": "test1-auth"
                        },
                        "meta": {},
                        "tainted": false
                    },
                    "deposed": [],
                    "provider": "provider.aws"
                },
                "aws_iam_role_policy.auth_locks": {
                    "type": "aws_iam_role_policy",
                    "depends_on": [
                        "aws_dynamodb_table.locks",
                        "aws_iam_role.auth",
                        "data.aws_caller_identity.current",
                        "data.aws_region.current"
                    ],
                    "primary": {
                        "id": "test1-auth:test1-auth-locks",
                        "attributes": {
                            "id": "test1-auth:test1-auth-locks",
                            "name": "test1-auth-locks",
                            "policy": "{\n    \"Version\": \"2012-10-17\",\n    \"Statement\": [\n        {\n            \"Sid\": \"AllActionsOnLocks\",\n            \"Effect\": \"Allow\",\n            \"Action\": \"dynamodb:*\",\n            \"Resource\": \"arn:aws:dynamodb:us-east-1:285172960274:table/test1-locks\"\n        }\n    ]\n}\n",
                            "role": "test1-auth"
                        },
                        "meta": {},
                        "tainted": false
                    },
                    "deposed": [],
                    "provider": "provider.aws"
                },
                "aws_iam_role_policy.auth_route53": {
                    "type": "aws_iam_role_policy",
                    "depends_on": [
                        "aws_iam_role.auth",
                        "data.aws_route53_zone.proxy"
                    ],
                    "primary": {
                        "id": "test1-auth:test1-auth-route53",
                        "attributes": {
                            "id": "test1-auth:test1-auth-route53",
                            "name": "test1-auth-route53",
                            "policy": "{\n    \"Version\": \"2012-10-17\",\n    \"Id\": \"certbot-dns-route53 policy\",\n    \"Statement\": [\n        {\n            \"Effect\": \"Allow\",\n            \"Action\": [\n                \"route53:ListHostedZones\",\n                \"route53:GetChange\"\n            ],\n            \"Resource\": [\n                \"*\"\n            ]\n        },\n        {\n            \"Effect\" : \"Allow\",\n            \"Action\" : [\n                \"route53:ChangeResourceRecordSets\"\n            ],\n            \"Resource\" : [\n                \"arn:aws:route53:::hostedzone/Z1PBZ5JURR101U\"\n            ]\n        }\n    ]\n}\n",
                            "role": "test1-auth"
                        },
                        "meta": {},
                        "tainted": false
                    },
                    "deposed": [],
                    "provider": "provider.aws"
                },
                "aws_iam_role_policy.auth_s3": {
                    "type": "aws_iam_role_policy",
                    "depends_on": [
                        "aws_iam_role.auth",
                        "aws_s3_bucket.certs"
                    ],
                    "primary": {
                        "id": "test1-auth:test1-auth-s3",
                        "attributes": {
                            "id": "test1-auth:test1-auth-s3",
                            "name": "test1-auth-s3",
                            "policy": "{\n   \"Version\": \"2012-10-17\",\n   \"Statement\": [\n     {\n       \"Effect\": \"Allow\",\n       \"Action\": [\"s3:ListBucket\"],\n       \"Resource\": [\"arn:aws:s3:::cluster.imurhuckleberry.net\"]\n     },\n     {\n       \"Effect\": \"Allow\",\n       \"Action\": [\n         \"s3:PutObject\",\n         \"s3:GetObject\"\n       ],\n       \"Resource\": [\"arn:aws:s3:::cluster.imurhuckleberry.net/*\"]\n     }\n   ]\n }\n ",
                            "role": "test1-auth"
                        },
                        "meta": {},
                        "tainted": false
                    },
                    "deposed": [],
                    "provider": "provider.aws"
                },
                "aws_iam_role_policy.auth_ssm": {
                    "type": "aws_iam_role_policy",
                    "depends_on": [
                        "aws_iam_role.auth",
                        "data.aws_caller_identity.current",
                        "data.aws_kms_alias.ssm",
                        "data.aws_region.current"
                    ],
                    "primary": {
                        "id": "test1-auth:test1-auth-ssm",
                        "attributes": {
                            "id": "test1-auth:test1-auth-ssm",
                            "name": "test1-auth-ssm",
                            "policy": "{\n    \"Version\": \"2012-10-17\",\n    \"Statement\": [\n        {\n            \"Effect\": \"Allow\",\n            \"Action\": [\n                \"ssm:DescribeParameters\",\n                \"ssm:GetParameters\",\n                \"ssm:GetParametersByPath\",\n                \"ssm:GetParameter\",\n                \"ssm:PutParameter\",\n                \"ssm:DeleteParameter\"\n            ],\n            \"Resource\": \"arn:aws:ssm:us-east-1:285172960274:parameter/teleport/test1/*\"\n        },\n        {\n         \"Effect\":\"Allow\",\n         \"Action\":[\n            \"kms:Decrypt\"\n         ],\n         \"Resource\":[\n            \"arn:aws:kms:us-east-1:285172960274:key/5b86f6cc-5c45-4753-86ee-016c760cac26\"\n         ]\n      }\n    ]\n}\n",
                            "role": "test1-auth"
                        },
                        "meta": {},
                        "tainted": false
                    },
                    "deposed": [],
                    "provider": "provider.aws"
                },
                "aws_iam_role_policy.autoscaler_cloudwatch": {
                    "type": "aws_iam_role_policy",
                    "depends_on": [
                        "aws_iam_role.autoscaler"
                    ],
                    "primary": {
                        "id": "test1-autoscaler:test1-autoscaler-cloudwatch",
                        "attributes": {
                            "id": "test1-autoscaler:test1-autoscaler-cloudwatch",
                            "name": "test1-autoscaler-cloudwatch",
                            "policy": "{\n    \"Version\": \"2012-10-17\",\n    \"Statement\": [\n        {\n            \"Effect\": \"Allow\",\n            \"Action\": [\n                \"cloudwatch:PutMetricAlarm\",\n                \"cloudwatch:DescribeAlarms\",\n                \"cloudwatch:DeleteAlarms\"\n            ],\n            \"Resource\": \"*\"\n        }\n    ]\n}\n",
                            "role": "test1-autoscaler"
                        },
                        "meta": {},
                        "tainted": false
                    },
                    "deposed": [],
                    "provider": "provider.aws"
                },
                "aws_iam_role_policy.autoscaler_dynamo": {
                    "type": "aws_iam_role_policy",
                    "depends_on": [
                        "aws_iam_role.autoscaler",
                        "data.aws_caller_identity.current",
                        "data.aws_region.current"
                    ],
                    "primary": {
                        "id": "test1-autoscaler:test1-autoscaler-dynamo",
                        "attributes": {
                            "id": "test1-autoscaler:test1-autoscaler-dynamo",
                            "name": "test1-autoscaler-dynamo",
                            "policy": "{\n    \"Version\": \"2012-10-17\",\n    \"Statement\": [\n        {\n            \"Effect\": \"Allow\",\n            \"Action\": [\n                \"dynamodb:DescribeTable\",\n                \"dynamodb:UpdateTable\"\n            ],\n            \"Resource\": \"arn:aws:dynamodb:us-east-1:285172960274:table/test1\"\n        }\n    ]\n}\n",
                            "role": "test1-autoscaler"
                        },
                        "meta": {},
                        "tainted": false
                    },
                    "deposed": [],
                    "provider": "provider.aws"
                },
                "aws_iam_role_policy.monitor_s3": {
                    "type": "aws_iam_role_policy",
                    "depends_on": [
                        "aws_iam_role.monitor",
                        "aws_s3_bucket.certs"
                    ],
                    "primary": {
                        "id": "test1-monitor:test1-monitor-s3",
                        "attributes": {
                            "id": "test1-monitor:test1-monitor-s3",
                            "name": "test1-monitor-s3",
                            "policy": "{\n   \"Version\": \"2012-10-17\",\n   \"Statement\": [\n     {\n       \"Effect\": \"Allow\",\n       \"Action\": [\"s3:ListBucket\"],\n       \"Resource\": [\"arn:aws:s3:::cluster.imurhuckleberry.net\"]\n     },\n     {\n       \"Effect\": \"Allow\",\n       \"Action\": [\n         \"s3:GetObject\"\n       ],\n       \"Resource\": [\"arn:aws:s3:::cluster.imurhuckleberry.net/*\"]\n     }\n   ]\n }\n ",
                            "role": "test1-monitor"
                        },
                        "meta": {},
                        "tainted": false
                    },
                    "deposed": [],
                    "provider": "provider.aws"
                },
                "aws_iam_role_policy.monitor_ssm": {
                    "type": "aws_iam_role_policy",
                    "depends_on": [
                        "aws_iam_role.monitor",
                        "data.aws_caller_identity.current",
                        "data.aws_kms_alias.ssm",
                        "data.aws_region.current"
                    ],
                    "primary": {
                        "id": "test1-monitor:test1-monitor-ssm",
                        "attributes": {
                            "id": "test1-monitor:test1-monitor-ssm",
                            "name": "test1-monitor-ssm",
                            "policy": "{\n    \"Version\": \"2012-10-17\",\n    \"Statement\": [\n        {\n            \"Effect\": \"Allow\",\n            \"Action\": [\n                \"ssm:GetParameters\",\n                \"ssm:GetParametersByPath\",\n                \"ssm:GetParameter\"\n            ],\n            \"Resource\": \"arn:aws:ssm:us-east-1:285172960274:parameter/teleport/test1/grafana_pass\"\n        },\n        {\n         \"Effect\":\"Allow\",\n         \"Action\":[\n            \"kms:Decrypt\"\n         ],\n         \"Resource\":[\n            \"arn:aws:kms:us-east-1:285172960274:key/5b86f6cc-5c45-4753-86ee-016c760cac26\"\n         ]\n      }\n    ]\n}\n",
                            "role": "test1-monitor"
                        },
                        "meta": {},
                        "tainted": false
                    },
                    "deposed": [],
                    "provider": "provider.aws"
                },
                "aws_iam_role_policy.node_ssm": {
                    "type": "aws_iam_role_policy",
                    "depends_on": [
                        "aws_iam_role.node",
                        "data.aws_caller_identity.current",
                        "data.aws_kms_alias.ssm",
                        "data.aws_region.current"
                    ],
                    "primary": {
                        "id": "test1-node:test1-node-ssm",
                        "attributes": {
                            "id": "test1-node:test1-node-ssm",
                            "name": "test1-node-ssm",
                            "policy": "{\n    \"Version\": \"2012-10-17\",\n    \"Statement\": [\n        {\n            \"Effect\": \"Allow\",\n            \"Action\": [\n                \"ssm:GetParameters\",\n                \"ssm:GetParametersByPath\",\n                \"ssm:GetParameter\"\n            ],\n            \"Resource\": \"arn:aws:ssm:us-east-1:285172960274:parameter/teleport/test1/tokens/node\"\n        },\n        {\n            \"Effect\": \"Allow\",\n            \"Action\": [\n                \"ssm:GetParameters\",\n                \"ssm:GetParametersByPath\",\n                \"ssm:GetParameter\"\n            ],\n            \"Resource\": \"arn:aws:ssm:us-east-1:285172960274:parameter/teleport/test1/ca-pin-hash\"\n        },\n        {\n         \"Effect\":\"Allow\",\n         \"Action\":[\n            \"kms:Decrypt\"\n         ],\n         \"Resource\":[\n            \"arn:aws:kms:us-east-1:285172960274:key/5b86f6cc-5c45-4753-86ee-016c760cac26\"\n         ]\n      }\n    ]\n}\n",
                            "role": "test1-node"
                        },
                        "meta": {},
                        "tainted": false
                    },
                    "deposed": [],
                    "provider": "provider.aws"
                },
                "aws_iam_role_policy.proxy_s3": {
                    "type": "aws_iam_role_policy",
                    "depends_on": [
                        "aws_iam_role.proxy",
                        "aws_s3_bucket.certs"
                    ],
                    "primary": {
                        "id": "test1-proxy:test1-proxy-s3",
                        "attributes": {
                            "id": "test1-proxy:test1-proxy-s3",
                            "name": "test1-proxy-s3",
                            "policy": "{\n   \"Version\": \"2012-10-17\",\n   \"Statement\": [\n     {\n       \"Effect\": \"Allow\",\n       \"Action\": [\"s3:ListBucket\"],\n       \"Resource\": [\"arn:aws:s3:::cluster.imurhuckleberry.net\"]\n     },\n     {\n       \"Effect\": \"Allow\",\n       \"Action\": [\n         \"s3:GetObject\"\n       ],\n       \"Resource\": [\"arn:aws:s3:::cluster.imurhuckleberry.net/*\"]\n     }\n   ]\n }\n ",
                            "role": "test1-proxy"
                        },
                        "meta": {},
                        "tainted": false
                    },
                    "deposed": [],
                    "provider": "provider.aws"
                },
                "aws_iam_role_policy.proxy_ssm": {
                    "type": "aws_iam_role_policy",
                    "depends_on": [
                        "aws_iam_role.proxy",
                        "data.aws_caller_identity.current",
                        "data.aws_kms_alias.ssm",
                        "data.aws_region.current"
                    ],
                    "primary": {
                        "id": "test1-proxy:test1-proxy-ssm",
                        "attributes": {
                            "id": "test1-proxy:test1-proxy-ssm",
                            "name": "test1-proxy-ssm",
                            "policy": "{\n    \"Version\": \"2012-10-17\",\n    \"Statement\": [\n        {\n            \"Effect\": \"Allow\",\n            \"Action\": [\n                \"ssm:GetParameters\",\n                \"ssm:GetParametersByPath\",\n                \"ssm:GetParameter\"\n            ],\n            \"Resource\": \"arn:aws:ssm:us-east-1:285172960274:parameter/teleport/test1/tokens/proxy\"\n        },\n        {\n            \"Effect\": \"Allow\",\n            \"Action\": [\n                \"ssm:GetParameters\",\n                \"ssm:GetParametersByPath\",\n                \"ssm:GetParameter\"\n            ],\n            \"Resource\": \"arn:aws:ssm:us-east-1:285172960274:parameter/teleport/test1/ca-pin-hash\"\n        },\n        {\n         \"Effect\":\"Allow\",\n         \"Action\":[\n            \"kms:Decrypt\"\n         ],\n         \"Resource\":[\n            \"arn:aws:kms:us-east-1:285172960274:key/5b86f6cc-5c45-4753-86ee-016c760cac26\"\n         ]\n      }\n    ]\n}\n",
                            "role": "test1-proxy"
                        },
                        "meta": {},
                        "tainted": false
                    },
                    "deposed": [],
                    "provider": "provider.aws"
                },
                "aws_instance.bastion": {
                    "type": "aws_instance",
                    "depends_on": [
                        "aws_security_group.bastion",
                        "aws_subnet.public.*",
                        "data.aws_ami.base"
                    ],
                    "primary": {
                        "id": "i-0db2f7678c2440ae0",
                        "attributes": {
                            "ami": "ami-0ad4259c45d8840e4",
                            "associate_public_ip_address": "true",
                            "availability_zone": "us-east-1a",
                            "credit_specification.#": "1",
                            "credit_specification.0.cpu_credits": "standard",
                            "disable_api_termination": "false",
                            "ebs_block_device.#": "0",
                            "ebs_optimized": "false",
                            "ephemeral_block_device.#": "0",
                            "get_password_data": "false",
                            "iam_instance_profile": "",
                            "id": "i-0db2f7678c2440ae0",
                            "instance_state": "running",
                            "instance_type": "t2.medium",
                            "ipv6_addresses.#": "0",
                            "key_name": "teleport",
                            "monitoring": "false",
                            "network_interface.#": "0",
                            "network_interface_id": "eni-038caa1e7f75fff39",
                            "password_data": "",
                            "placement_group": "",
                            "primary_network_interface_id": "eni-038caa1e7f75fff39",
                            "private_dns": "ip-172-31-2-197.ec2.internal",
                            "private_ip": "172.31.2.197",
                            "public_dns": "ec2-54-242-61-106.compute-1.amazonaws.com",
                            "public_ip": "54.242.61.106",
                            "root_block_device.#": "1",
                            "root_block_device.0.delete_on_termination": "true",
                            "root_block_device.0.iops": "0",
                            "root_block_device.0.volume_id": "vol-0a17a9d7a85798f11",
                            "root_block_device.0.volume_size": "8",
                            "root_block_device.0.volume_type": "standard",
                            "security_groups.#": "0",
                            "source_dest_check": "false",
                            "subnet_id": "subnet-0342d06b933ed0a4e",
                            "tags.%": "2",
                            "tags.TeleportCluster": "test1",
                            "tags.TeleportRole": "bastion",
                            "tenancy": "default",
                            "volume_tags.%": "0",
                            "vpc_security_group_ids.#": "1",
                            "vpc_security_group_ids.436782228": "sg-088886e1617af5715"
                        },
                        "meta": {
                            "e2bfb730-ecaa-11e6-8f88-34363bc7c4c0": {
                                "create": 600000000000,
                                "delete": 1200000000000,
                                "update": 600000000000
                            },
                            "schema_version": "1"
                        },
                        "tainted": false
                    },
                    "deposed": [],
                    "provider": "provider.aws"
                },
                "aws_internet_gateway.teleport": {
                    "type": "aws_internet_gateway",
                    "depends_on": [
                        "aws_vpc.teleport"
                    ],
                    "primary": {
                        "id": "igw-0a4625c06bb9f0d94",
                        "attributes": {
                            "id": "igw-0a4625c06bb9f0d94",
                            "tags.%": "1",
                            "tags.TeleportCluster": "test1",
                            "vpc_id": "vpc-00f2d3f0186b9102e"
                        },
                        "meta": {},
                        "tainted": false
                    },
                    "deposed": [],
                    "provider": "provider.aws"
                },
                "aws_launch_configuration.auth": {
                    "type": "aws_launch_configuration",
                    "depends_on": [
                        "aws_iam_instance_profile.auth",
                        "aws_security_group.auth",
                        "data.aws_ami.base",
                        "data.template_file.auth_user_data"
                    ],
                    "primary": {
                        "id": "test1-auth-20190910225311559500000002",
                        "attributes": {
                            "associate_public_ip_address": "false",
                            "ebs_block_device.#": "0",
                            "ebs_optimized": "true",
                            "enable_monitoring": "true",
                            "ephemeral_block_device.#": "0",
                            "iam_instance_profile": "test1-auth",
                            "id": "test1-auth-20190910225311559500000002",
                            "image_id": "ami-0ad4259c45d8840e4",
                            "instance_type": "t3.medium",
                            "key_name": "teleport",
                            "name": "test1-auth-20190910225311559500000002",
                            "name_prefix": "test1-auth-",
                            "root_block_device.#": "0",
                            "security_groups.#": "1",
                            "security_groups.4230706416": "sg-04d1acea39a7c0a6a",
                            "spot_price": "",
                            "user_data": "08d3384ce117ac42b9b7774dbc5af21ba55afae3",
                            "vpc_classic_link_id": "",
                            "vpc_classic_link_security_groups.#": "0"
                        },
                        "meta": {},
                        "tainted": false
                    },
                    "deposed": [],
                    "provider": "provider.aws"
                },
                "aws_launch_configuration.monitor": {
                    "type": "aws_launch_configuration",
                    "depends_on": [
                        "aws_iam_instance_profile.monitor",
                        "aws_security_group.monitor",
                        "data.aws_ami.base",
                        "data.template_file.monitor_user_data"
                    ],
                    "primary": {
                        "id": "test1-monitor-20190910225049463700000001",
                        "attributes": {
                            "associate_public_ip_address": "true",
                            "ebs_block_device.#": "0",
                            "ebs_optimized": "true",
                            "enable_monitoring": "true",
                            "ephemeral_block_device.#": "0",
                            "iam_instance_profile": "test1-monitor",
                            "id": "test1-monitor-20190910225049463700000001",
                            "image_id": "ami-0ad4259c45d8840e4",
                            "instance_type": "t3.large",
                            "key_name": "teleport",
                            "name": "test1-monitor-20190910225049463700000001",
                            "name_prefix": "test1-monitor-",
                            "root_block_device.#": "0",
                            "security_groups.#": "1",
                            "security_groups.1698393334": "sg-0be0229247cfded79",
                            "spot_price": "",
                            "user_data": "46ad4eed2102e7fe56250b976112ba88b07367c1",
                            "vpc_classic_link_id": "",
                            "vpc_classic_link_security_groups.#": "0"
                        },
                        "meta": {},
                        "tainted": false
                    },
                    "deposed": [],
                    "provider": "provider.aws"
                },
                "aws_launch_configuration.node": {
                    "type": "aws_launch_configuration",
                    "depends_on": [
                        "aws_iam_instance_profile.node",
                        "aws_security_group.node",
                        "data.aws_ami.base",
                        "data.template_file.node_user_data"
                    ],
                    "primary": {
                        "id": "test1-node-20190910225341394100000004",
                        "attributes": {
                            "associate_public_ip_address": "false",
                            "ebs_block_device.#": "0",
                            "ebs_optimized": "false",
                            "enable_monitoring": "true",
                            "ephemeral_block_device.#": "0",
                            "iam_instance_profile": "test1-node",
                            "id": "test1-node-20190910225341394100000004",
                            "image_id": "ami-0ad4259c45d8840e4",
                            "instance_type": "t3.medium",
                            "key_name": "teleport",
                            "name": "test1-node-20190910225341394100000004",
                            "name_prefix": "test1-node-",
                            "root_block_device.#": "0",
                            "security_groups.#": "1",
                            "security_groups.3099559217": "sg-0ac128015365bb4b3",
                            "spot_price": "",
                            "user_data": "8c4bc48dd7b6e71509ddff1947a0950f7124c0ea",
                            "vpc_classic_link_id": "",
                            "vpc_classic_link_security_groups.#": "0"
                        },
                        "meta": {},
                        "tainted": false
                    },
                    "deposed": [],
                    "provider": "provider.aws"
                },
                "aws_launch_configuration.proxy": {
                    "type": "aws_launch_configuration",
                    "depends_on": [
                        "aws_iam_instance_profile.proxy",
                        "aws_security_group.proxy",
                        "data.aws_ami.base",
                        "data.template_file.proxy_user_data"
                    ],
                    "primary": {
                        "id": "test1-proxy-20190910225341383900000003",
                        "attributes": {
                            "associate_public_ip_address": "true",
                            "ebs_block_device.#": "0",
                            "ebs_optimized": "true",
                            "enable_monitoring": "true",
                            "ephemeral_block_device.#": "0",
                            "iam_instance_profile": "test1-proxy",
                            "id": "test1-proxy-20190910225341383900000003",
                            "image_id": "ami-0ad4259c45d8840e4",
                            "instance_type": "t3.large",
                            "key_name": "teleport",
                            "name": "test1-proxy-20190910225341383900000003",
                            "name_prefix": "test1-proxy-",
                            "root_block_device.#": "0",
                            "security_groups.#": "1",
                            "security_groups.2737965688": "sg-07457beeabb981439",
                            "spot_price": "",
                            "user_data": "e0f3f646712ded4d0a7e81c6ae0a70c846c98805",
                            "vpc_classic_link_id": "",
                            "vpc_classic_link_security_groups.#": "0"
                        },
                        "meta": {},
                        "tainted": false
                    },
                    "deposed": [],
                    "provider": "provider.aws"
                },
                "aws_lb.auth": {
                    "type": "aws_lb",
                    "depends_on": [
                        "aws_subnet.public.*"
                    ],
                    "primary": {
                        "id": "arn:aws:elasticloadbalancing:us-east-1:285172960274:loadbalancer/net/test1-auth/ecfac2a54d6a0940",
                        "attributes": {
                            "access_logs.#": "0",
                            "arn": "arn:aws:elasticloadbalancing:us-east-1:285172960274:loadbalancer/net/test1-auth/ecfac2a54d6a0940",
                            "arn_suffix": "net/test1-auth/ecfac2a54d6a0940",
                            "dns_name": "test1-auth-ecfac2a54d6a0940.elb.us-east-1.amazonaws.com",
                            "enable_cross_zone_load_balancing": "false",
                            "enable_deletion_protection": "false",
                            "id": "arn:aws:elasticloadbalancing:us-east-1:285172960274:loadbalancer/net/test1-auth/ecfac2a54d6a0940",
                            "internal": "true",
                            "ip_address_type": "ipv4",
                            "load_balancer_type": "network",
                            "name": "test1-auth",
                            "security_groups.#": "0",
                            "subnet_mapping.#": "0",
                            "subnets.#": "2",
                            "subnets.2281546213": "subnet-0fe1400144e895a83",
                            "subnets.530384768": "subnet-0342d06b933ed0a4e",
                            "tags.%": "1",
                            "tags.TeleportCluster": "test1",
                            "vpc_id": "vpc-00f2d3f0186b9102e",
                            "zone_id": "Z26RNL4JYFTOTI"
                        },
                        "meta": {
                            "e2bfb730-ecaa-11e6-8f88-34363bc7c4c0": {
                                "create": 600000000000,
                                "delete": 600000000000,
                                "update": 600000000000
                            }
                        },
                        "tainted": false
                    },
                    "deposed": [],
                    "provider": "provider.aws"
                },
                "aws_lb.monitor": {
                    "type": "aws_lb",
                    "depends_on": [
                        "aws_subnet.public"
                    ],
                    "primary": {
                        "id": "arn:aws:elasticloadbalancing:us-east-1:285172960274:loadbalancer/net/test1-monitor/8d7e62a29650f862",
                        "attributes": {
                            "access_logs.#": "0",
                            "arn": "arn:aws:elasticloadbalancing:us-east-1:285172960274:loadbalancer/net/test1-monitor/8d7e62a29650f862",
                            "arn_suffix": "net/test1-monitor/8d7e62a29650f862",
                            "dns_name": "test1-monitor-8d7e62a29650f862.elb.us-east-1.amazonaws.com",
                            "enable_cross_zone_load_balancing": "false",
                            "enable_deletion_protection": "false",
                            "id": "arn:aws:elasticloadbalancing:us-east-1:285172960274:loadbalancer/net/test1-monitor/8d7e62a29650f862",
                            "internal": "true",
                            "ip_address_type": "ipv4",
                            "load_balancer_type": "network",
                            "name": "test1-monitor",
                            "security_groups.#": "0",
                            "subnet_mapping.#": "0",
                            "subnets.#": "1",
                            "subnets.530384768": "subnet-0342d06b933ed0a4e",
                            "tags.%": "1",
                            "tags.TeleportCluster": "test1",
                            "vpc_id": "vpc-00f2d3f0186b9102e",
                            "zone_id": "Z26RNL4JYFTOTI"
                        },
                        "meta": {
                            "e2bfb730-ecaa-11e6-8f88-34363bc7c4c0": {
                                "create": 600000000000,
                                "delete": 600000000000,
                                "update": 600000000000
                            }
                        },
                        "tainted": false
                    },
                    "deposed": [],
                    "provider": "provider.aws"
                },
                "aws_lb.proxy": {
                    "type": "aws_lb",
                    "depends_on": [
                        "aws_subnet.public.*"
                    ],
                    "primary": {
                        "id": "arn:aws:elasticloadbalancing:us-east-1:285172960274:loadbalancer/net/test1-proxy/ea66b07a231d539e",
                        "attributes": {
                            "access_logs.#": "0",
                            "arn": "arn:aws:elasticloadbalancing:us-east-1:285172960274:loadbalancer/net/test1-proxy/ea66b07a231d539e",
                            "arn_suffix": "net/test1-proxy/ea66b07a231d539e",
                            "dns_name": "test1-proxy-ea66b07a231d539e.elb.us-east-1.amazonaws.com",
                            "enable_cross_zone_load_balancing": "false",
                            "enable_deletion_protection": "false",
                            "id": "arn:aws:elasticloadbalancing:us-east-1:285172960274:loadbalancer/net/test1-proxy/ea66b07a231d539e",
                            "internal": "false",
                            "ip_address_type": "ipv4",
                            "load_balancer_type": "network",
                            "name": "test1-proxy",
                            "security_groups.#": "0",
                            "subnet_mapping.#": "0",
                            "subnets.#": "2",
                            "subnets.2281546213": "subnet-0fe1400144e895a83",
                            "subnets.530384768": "subnet-0342d06b933ed0a4e",
                            "tags.%": "1",
                            "tags.TeleportCluster": "test1",
                            "vpc_id": "vpc-00f2d3f0186b9102e",
                            "zone_id": "Z26RNL4JYFTOTI"
                        },
                        "meta": {
                            "e2bfb730-ecaa-11e6-8f88-34363bc7c4c0": {
                                "create": 600000000000,
                                "delete": 600000000000,
                                "update": 600000000000
                            }
                        },
                        "tainted": false
                    },
                    "deposed": [],
                    "provider": "provider.aws"
                },
                "aws_lb_listener.auth": {
                    "type": "aws_lb_listener",
                    "depends_on": [
                        "aws_lb.auth",
                        "aws_lb_target_group.auth"
                    ],
                    "primary": {
                        "id": "arn:aws:elasticloadbalancing:us-east-1:285172960274:listener/net/test1-auth/ecfac2a54d6a0940/1f5796d8f3d2ab07",
                        "attributes": {
                            "arn": "arn:aws:elasticloadbalancing:us-east-1:285172960274:listener/net/test1-auth/ecfac2a54d6a0940/1f5796d8f3d2ab07",
                            "default_action.#": "1",
                            "default_action.0.target_group_arn": "arn:aws:elasticloadbalancing:us-east-1:285172960274:targetgroup/test1-auth/9261430428cde0f4",
                            "default_action.0.type": "forward",
                            "id": "arn:aws:elasticloadbalancing:us-east-1:285172960274:listener/net/test1-auth/ecfac2a54d6a0940/1f5796d8f3d2ab07",
                            "load_balancer_arn": "arn:aws:elasticloadbalancing:us-east-1:285172960274:loadbalancer/net/test1-auth/ecfac2a54d6a0940",
                            "port": "3025",
                            "protocol": "TCP",
                            "ssl_policy": ""
                        },
                        "meta": {},
                        "tainted": false
                    },
                    "deposed": [],
                    "provider": "provider.aws"
                },
                "aws_lb_listener.monitor": {
                    "type": "aws_lb_listener",
                    "depends_on": [
                        "aws_lb.monitor",
                        "aws_lb_target_group.monitor"
                    ],
                    "primary": {
                        "id": "arn:aws:elasticloadbalancing:us-east-1:285172960274:listener/net/test1-monitor/8d7e62a29650f862/127acf70e9c1782f",
                        "attributes": {
                            "arn": "arn:aws:elasticloadbalancing:us-east-1:285172960274:listener/net/test1-monitor/8d7e62a29650f862/127acf70e9c1782f",
                            "default_action.#": "1",
                            "default_action.0.target_group_arn": "arn:aws:elasticloadbalancing:us-east-1:285172960274:targetgroup/test1-monitor/ad579a582d5de5fc",
                            "default_action.0.type": "forward",
                            "id": "arn:aws:elasticloadbalancing:us-east-1:285172960274:listener/net/test1-monitor/8d7e62a29650f862/127acf70e9c1782f",
                            "load_balancer_arn": "arn:aws:elasticloadbalancing:us-east-1:285172960274:loadbalancer/net/test1-monitor/8d7e62a29650f862",
                            "port": "8086",
                            "protocol": "TCP",
                            "ssl_policy": ""
                        },
                        "meta": {},
                        "tainted": false
                    },
                    "deposed": [],
                    "provider": "provider.aws"
                },
                "aws_lb_listener.proxy_grafana": {
                    "type": "aws_lb_listener",
                    "depends_on": [
                        "aws_lb.proxy",
                        "aws_lb_target_group.proxy_grafana"
                    ],
                    "primary": {
                        "id": "arn:aws:elasticloadbalancing:us-east-1:285172960274:listener/net/test1-proxy/ea66b07a231d539e/b3073b9c38c0b250",
                        "attributes": {
                            "arn": "arn:aws:elasticloadbalancing:us-east-1:285172960274:listener/net/test1-proxy/ea66b07a231d539e/b3073b9c38c0b250",
                            "default_action.#": "1",
                            "default_action.0.target_group_arn": "arn:aws:elasticloadbalancing:us-east-1:285172960274:targetgroup/test1-proxy-grafana/f112e77bbcb675df",
                            "default_action.0.type": "forward",
                            "id": "arn:aws:elasticloadbalancing:us-east-1:285172960274:listener/net/test1-proxy/ea66b07a231d539e/b3073b9c38c0b250",
                            "load_balancer_arn": "arn:aws:elasticloadbalancing:us-east-1:285172960274:loadbalancer/net/test1-proxy/ea66b07a231d539e",
                            "port": "8443",
                            "protocol": "TCP",
                            "ssl_policy": ""
                        },
                        "meta": {},
                        "tainted": false
                    },
                    "deposed": [],
                    "provider": "provider.aws"
                },
                "aws_lb_listener.proxy_proxy": {
                    "type": "aws_lb_listener",
                    "depends_on": [
                        "aws_lb.proxy",
                        "aws_lb_target_group.proxy_proxy"
                    ],
                    "primary": {
                        "id": "arn:aws:elasticloadbalancing:us-east-1:285172960274:listener/net/test1-proxy/ea66b07a231d539e/7dd4f0ded175b036",
                        "attributes": {
                            "arn": "arn:aws:elasticloadbalancing:us-east-1:285172960274:listener/net/test1-proxy/ea66b07a231d539e/7dd4f0ded175b036",
                            "default_action.#": "1",
                            "default_action.0.target_group_arn": "arn:aws:elasticloadbalancing:us-east-1:285172960274:targetgroup/test1-proxy-proxy/774c5d03bcd4b4c8",
                            "default_action.0.type": "forward",
                            "id": "arn:aws:elasticloadbalancing:us-east-1:285172960274:listener/net/test1-proxy/ea66b07a231d539e/7dd4f0ded175b036",
                            "load_balancer_arn": "arn:aws:elasticloadbalancing:us-east-1:285172960274:loadbalancer/net/test1-proxy/ea66b07a231d539e",
                            "port": "3023",
                            "protocol": "TCP",
                            "ssl_policy": ""
                        },
                        "meta": {},
                        "tainted": false
                    },
                    "deposed": [],
                    "provider": "provider.aws"
                },
                "aws_lb_listener.proxy_web": {
                    "type": "aws_lb_listener",
                    "depends_on": [
                        "aws_lb.proxy",
                        "aws_lb_target_group.proxy_web"
                    ],
                    "primary": {
                        "id": "arn:aws:elasticloadbalancing:us-east-1:285172960274:listener/net/test1-proxy/ea66b07a231d539e/1fb4958da8d103ac",
                        "attributes": {
                            "arn": "arn:aws:elasticloadbalancing:us-east-1:285172960274:listener/net/test1-proxy/ea66b07a231d539e/1fb4958da8d103ac",
                            "default_action.#": "1",
                            "default_action.0.target_group_arn": "arn:aws:elasticloadbalancing:us-east-1:285172960274:targetgroup/test1-proxy-web/618a0b0b4e1381f5",
                            "default_action.0.type": "forward",
                            "id": "arn:aws:elasticloadbalancing:us-east-1:285172960274:listener/net/test1-proxy/ea66b07a231d539e/1fb4958da8d103ac",
                            "load_balancer_arn": "arn:aws:elasticloadbalancing:us-east-1:285172960274:loadbalancer/net/test1-proxy/ea66b07a231d539e",
                            "port": "443",
                            "protocol": "TCP",
                            "ssl_policy": ""
                        },
                        "meta": {},
                        "tainted": false
                    },
                    "deposed": [],
                    "provider": "provider.aws"
                },
                "aws_lb_target_group.auth": {
                    "type": "aws_lb_target_group",
                    "depends_on": [
                        "aws_vpc.teleport"
                    ],
                    "primary": {
                        "id": "arn:aws:elasticloadbalancing:us-east-1:285172960274:targetgroup/test1-auth/9261430428cde0f4",
                        "attributes": {
                            "arn": "arn:aws:elasticloadbalancing:us-east-1:285172960274:targetgroup/test1-auth/9261430428cde0f4",
                            "arn_suffix": "targetgroup/test1-auth/9261430428cde0f4",
                            "deregistration_delay": "300",
                            "health_check.#": "1",
                            "health_check.0.healthy_threshold": "3",
                            "health_check.0.interval": "30",
                            "health_check.0.matcher": "",
                            "health_check.0.path": "",
                            "health_check.0.port": "traffic-port",
                            "health_check.0.protocol": "TCP",
                            "health_check.0.timeout": "10",
                            "health_check.0.unhealthy_threshold": "3",
                            "id": "arn:aws:elasticloadbalancing:us-east-1:285172960274:targetgroup/test1-auth/9261430428cde0f4",
                            "name": "test1-auth",
                            "port": "3025",
                            "protocol": "TCP",
                            "proxy_protocol_v2": "false",
                            "stickiness.#": "0",
                            "tags.%": "0",
                            "target_type": "instance",
                            "vpc_id": "vpc-00f2d3f0186b9102e"
                        },
                        "meta": {},
                        "tainted": false
                    },
                    "deposed": [],
                    "provider": "provider.aws"
                },
                "aws_lb_target_group.monitor": {
                    "type": "aws_lb_target_group",
                    "depends_on": [
                        "aws_vpc.teleport"
                    ],
                    "primary": {
                        "id": "arn:aws:elasticloadbalancing:us-east-1:285172960274:targetgroup/test1-monitor/ad579a582d5de5fc",
                        "attributes": {
                            "arn": "arn:aws:elasticloadbalancing:us-east-1:285172960274:targetgroup/test1-monitor/ad579a582d5de5fc",
                            "arn_suffix": "targetgroup/test1-monitor/ad579a582d5de5fc",
                            "deregistration_delay": "300",
                            "health_check.#": "1",
                            "health_check.0.healthy_threshold": "3",
                            "health_check.0.interval": "30",
                            "health_check.0.matcher": "",
                            "health_check.0.path": "",
                            "health_check.0.port": "traffic-port",
                            "health_check.0.protocol": "TCP",
                            "health_check.0.timeout": "10",
                            "health_check.0.unhealthy_threshold": "3",
                            "id": "arn:aws:elasticloadbalancing:us-east-1:285172960274:targetgroup/test1-monitor/ad579a582d5de5fc",
                            "name": "test1-monitor",
                            "port": "8086",
                            "protocol": "TCP",
                            "proxy_protocol_v2": "false",
                            "stickiness.#": "0",
                            "tags.%": "0",
                            "target_type": "instance",
                            "vpc_id": "vpc-00f2d3f0186b9102e"
                        },
                        "meta": {},
                        "tainted": false
                    },
                    "deposed": [],
                    "provider": "provider.aws"
                },
                "aws_lb_target_group.proxy_grafana": {
                    "type": "aws_lb_target_group",
                    "depends_on": [
                        "aws_vpc.teleport"
                    ],
                    "primary": {
                        "id": "arn:aws:elasticloadbalancing:us-east-1:285172960274:targetgroup/test1-proxy-grafana/f112e77bbcb675df",
                        "attributes": {
                            "arn": "arn:aws:elasticloadbalancing:us-east-1:285172960274:targetgroup/test1-proxy-grafana/f112e77bbcb675df",
                            "arn_suffix": "targetgroup/test1-proxy-grafana/f112e77bbcb675df",
                            "deregistration_delay": "300",
                            "health_check.#": "1",
                            "health_check.0.healthy_threshold": "3",
                            "health_check.0.interval": "30",
                            "health_check.0.matcher": "",
                            "health_check.0.path": "",
                            "health_check.0.port": "traffic-port",
                            "health_check.0.protocol": "TCP",
                            "health_check.0.timeout": "10",
                            "health_check.0.unhealthy_threshold": "3",
                            "id": "arn:aws:elasticloadbalancing:us-east-1:285172960274:targetgroup/test1-proxy-grafana/f112e77bbcb675df",
                            "name": "test1-proxy-grafana",
                            "port": "8443",
                            "protocol": "TCP",
                            "proxy_protocol_v2": "false",
                            "stickiness.#": "0",
                            "tags.%": "0",
                            "target_type": "instance",
                            "vpc_id": "vpc-00f2d3f0186b9102e"
                        },
                        "meta": {},
                        "tainted": false
                    },
                    "deposed": [],
                    "provider": "provider.aws"
                },
                "aws_lb_target_group.proxy_proxy": {
                    "type": "aws_lb_target_group",
                    "depends_on": [
                        "aws_vpc.teleport"
                    ],
                    "primary": {
                        "id": "arn:aws:elasticloadbalancing:us-east-1:285172960274:targetgroup/test1-proxy-proxy/774c5d03bcd4b4c8",
                        "attributes": {
                            "arn": "arn:aws:elasticloadbalancing:us-east-1:285172960274:targetgroup/test1-proxy-proxy/774c5d03bcd4b4c8",
                            "arn_suffix": "targetgroup/test1-proxy-proxy/774c5d03bcd4b4c8",
                            "deregistration_delay": "300",
                            "health_check.#": "1",
                            "health_check.0.healthy_threshold": "3",
                            "health_check.0.interval": "30",
                            "health_check.0.matcher": "",
                            "health_check.0.path": "",
                            "health_check.0.port": "traffic-port",
                            "health_check.0.protocol": "TCP",
                            "health_check.0.timeout": "10",
                            "health_check.0.unhealthy_threshold": "3",
                            "id": "arn:aws:elasticloadbalancing:us-east-1:285172960274:targetgroup/test1-proxy-proxy/774c5d03bcd4b4c8",
                            "name": "test1-proxy-proxy",
                            "port": "3023",
                            "protocol": "TCP",
                            "proxy_protocol_v2": "false",
                            "stickiness.#": "0",
                            "tags.%": "0",
                            "target_type": "instance",
                            "vpc_id": "vpc-00f2d3f0186b9102e"
                        },
                        "meta": {},
                        "tainted": false
                    },
                    "deposed": [],
                    "provider": "provider.aws"
                },
                "aws_lb_target_group.proxy_web": {
                    "type": "aws_lb_target_group",
                    "depends_on": [
                        "aws_vpc.teleport"
                    ],
                    "primary": {
                        "id": "arn:aws:elasticloadbalancing:us-east-1:285172960274:targetgroup/test1-proxy-web/618a0b0b4e1381f5",
                        "attributes": {
                            "arn": "arn:aws:elasticloadbalancing:us-east-1:285172960274:targetgroup/test1-proxy-web/618a0b0b4e1381f5",
                            "arn_suffix": "targetgroup/test1-proxy-web/618a0b0b4e1381f5",
                            "deregistration_delay": "300",
                            "health_check.#": "1",
                            "health_check.0.healthy_threshold": "3",
                            "health_check.0.interval": "30",
                            "health_check.0.matcher": "",
                            "health_check.0.path": "",
                            "health_check.0.port": "traffic-port",
                            "health_check.0.protocol": "TCP",
                            "health_check.0.timeout": "10",
                            "health_check.0.unhealthy_threshold": "3",
                            "id": "arn:aws:elasticloadbalancing:us-east-1:285172960274:targetgroup/test1-proxy-web/618a0b0b4e1381f5",
                            "name": "test1-proxy-web",
                            "port": "3080",
                            "protocol": "TCP",
                            "proxy_protocol_v2": "false",
                            "stickiness.#": "0",
                            "tags.%": "0",
                            "target_type": "instance",
                            "vpc_id": "vpc-00f2d3f0186b9102e"
                        },
                        "meta": {},
                        "tainted": false
                    },
                    "deposed": [],
                    "provider": "provider.aws"
                },
                "aws_nat_gateway.teleport.0": {
                    "type": "aws_nat_gateway",
                    "depends_on": [
                        "aws_eip.nat.*",
                        "aws_internet_gateway.teleport",
                        "aws_subnet.public",
                        "aws_subnet.public.*",
                        "local.azs"
                    ],
                    "primary": {
                        "id": "nat-07b8ca96cf9164cec",
                        "attributes": {
                            "allocation_id": "eipalloc-0fcabed52aa6b42d0",
                            "id": "nat-07b8ca96cf9164cec",
                            "network_interface_id": "eni-029c1ee64eaea3ea8",
                            "private_ip": "172.31.2.57",
                            "public_ip": "3.94.12.118",
                            "subnet_id": "subnet-0342d06b933ed0a4e",
                            "tags.%": "1",
                            "tags.TeleportCluster": "test1"
                        },
                        "meta": {},
                        "tainted": false
                    },
                    "deposed": [],
                    "provider": "provider.aws"
                },
                "aws_nat_gateway.teleport.1": {
                    "type": "aws_nat_gateway",
                    "depends_on": [
                        "aws_eip.nat.*",
                        "aws_internet_gateway.teleport",
                        "aws_subnet.public",
                        "aws_subnet.public.*",
                        "local.azs"
                    ],
                    "primary": {
                        "id": "nat-0bb97e78839e02662",
                        "attributes": {
                            "allocation_id": "eipalloc-0777cf57924a0ec24",
                            "id": "nat-0bb97e78839e02662",
                            "network_interface_id": "eni-0341b01cc09cddd1e",
                            "private_ip": "172.31.3.111",
                            "public_ip": "34.192.239.132",
                            "subnet_id": "subnet-0fe1400144e895a83",
                            "tags.%": "1",
                            "tags.TeleportCluster": "test1"
                        },
                        "meta": {},
                        "tainted": false
                    },
                    "deposed": [],
                    "provider": "provider.aws"
                },
                "aws_route.auth.0": {
                    "type": "aws_route",
                    "depends_on": [
                        "aws_route_table.auth",
                        "aws_route_table.auth.*",
                        "local.azs",
                        "local.nat_gateways"
                    ],
                    "primary": {
                        "id": "r-rtb-07676cbfadd32e8ed1080289494",
                        "attributes": {
                            "destination_cidr_block": "0.0.0.0/0",
                            "destination_prefix_list_id": "",
                            "egress_only_gateway_id": "",
                            "gateway_id": "",
                            "id": "r-rtb-07676cbfadd32e8ed1080289494",
                            "instance_id": "",
                            "instance_owner_id": "",
                            "nat_gateway_id": "nat-07b8ca96cf9164cec",
                            "network_interface_id": "",
                            "origin": "CreateRoute",
                            "route_table_id": "rtb-07676cbfadd32e8ed",
                            "state": "active",
                            "vpc_peering_connection_id": ""
                        },
                        "meta": {
                            "e2bfb730-ecaa-11e6-8f88-34363bc7c4c0": {
                                "create": 120000000000,
                                "delete": 300000000000
                            }
                        },
                        "tainted": false
                    },
                    "deposed": [],
                    "provider": "provider.aws"
                },
                "aws_route.auth.1": {
                    "type": "aws_route",
                    "depends_on": [
                        "aws_route_table.auth",
                        "aws_route_table.auth.*",
                        "local.azs",
                        "local.nat_gateways"
                    ],
                    "primary": {
                        "id": "r-rtb-02a318476694a62311080289494",
                        "attributes": {
                            "destination_cidr_block": "0.0.0.0/0",
                            "destination_prefix_list_id": "",
                            "egress_only_gateway_id": "",
                            "gateway_id": "",
                            "id": "r-rtb-02a318476694a62311080289494",
                            "instance_id": "",
                            "instance_owner_id": "",
                            "nat_gateway_id": "nat-0bb97e78839e02662",
                            "network_interface_id": "",
                            "origin": "CreateRoute",
                            "route_table_id": "rtb-02a318476694a6231",
                            "state": "active",
                            "vpc_peering_connection_id": ""
                        },
                        "meta": {
                            "e2bfb730-ecaa-11e6-8f88-34363bc7c4c0": {
                                "create": 120000000000,
                                "delete": 300000000000
                            }
                        },
                        "tainted": false
                    },
                    "deposed": [],
                    "provider": "provider.aws"
                },
                "aws_route.node.0": {
                    "type": "aws_route",
                    "depends_on": [
                        "aws_route_table.node",
                        "aws_route_table.node.*",
                        "local.azs",
                        "local.nat_gateways"
                    ],
                    "primary": {
                        "id": "r-rtb-038a2e90254da13a01080289494",
                        "attributes": {
                            "destination_cidr_block": "0.0.0.0/0",
                            "destination_prefix_list_id": "",
                            "egress_only_gateway_id": "",
                            "gateway_id": "",
                            "id": "r-rtb-038a2e90254da13a01080289494",
                            "instance_id": "",
                            "instance_owner_id": "",
                            "nat_gateway_id": "nat-07b8ca96cf9164cec",
                            "network_interface_id": "",
                            "origin": "CreateRoute",
                            "route_table_id": "rtb-038a2e90254da13a0",
                            "state": "active",
                            "vpc_peering_connection_id": ""
                        },
                        "meta": {
                            "e2bfb730-ecaa-11e6-8f88-34363bc7c4c0": {
                                "create": 120000000000,
                                "delete": 300000000000
                            }
                        },
                        "tainted": false
                    },
                    "deposed": [],
                    "provider": "provider.aws"
                },
                "aws_route.node.1": {
                    "type": "aws_route",
                    "depends_on": [
                        "aws_route_table.node",
                        "aws_route_table.node.*",
                        "local.azs",
                        "local.nat_gateways"
                    ],
                    "primary": {
                        "id": "r-rtb-0005e41adc1fbd87d1080289494",
                        "attributes": {
                            "destination_cidr_block": "0.0.0.0/0",
                            "destination_prefix_list_id": "",
                            "egress_only_gateway_id": "",
                            "gateway_id": "",
                            "id": "r-rtb-0005e41adc1fbd87d1080289494",
                            "instance_id": "",
                            "instance_owner_id": "",
                            "nat_gateway_id": "nat-0bb97e78839e02662",
                            "network_interface_id": "",
                            "origin": "CreateRoute",
                            "route_table_id": "rtb-0005e41adc1fbd87d",
                            "state": "active",
                            "vpc_peering_connection_id": ""
                        },
                        "meta": {
                            "e2bfb730-ecaa-11e6-8f88-34363bc7c4c0": {
                                "create": 120000000000,
                                "delete": 300000000000
                            }
                        },
                        "tainted": false
                    },
                    "deposed": [],
                    "provider": "provider.aws"
                },
                "aws_route.public_gateway.0": {
                    "type": "aws_route",
                    "depends_on": [
                        "aws_route_table.public",
                        "aws_route_table.public.*",
                        "local.azs",
                        "local.internet_gateway_id"
                    ],
                    "primary": {
                        "id": "r-rtb-0b3feac7af2909ef61080289494",
                        "attributes": {
                            "destination_cidr_block": "0.0.0.0/0",
                            "destination_prefix_list_id": "",
                            "egress_only_gateway_id": "",
                            "gateway_id": "igw-0a4625c06bb9f0d94",
                            "id": "r-rtb-0b3feac7af2909ef61080289494",
                            "instance_id": "",
                            "instance_owner_id": "",
                            "nat_gateway_id": "",
                            "network_interface_id": "",
                            "origin": "CreateRoute",
                            "route_table_id": "rtb-0b3feac7af2909ef6",
                            "state": "active",
                            "vpc_peering_connection_id": ""
                        },
                        "meta": {
                            "e2bfb730-ecaa-11e6-8f88-34363bc7c4c0": {
                                "create": 120000000000,
                                "delete": 300000000000
                            }
                        },
                        "tainted": false
                    },
                    "deposed": [],
                    "provider": "provider.aws"
                },
                "aws_route.public_gateway.1": {
                    "type": "aws_route",
                    "depends_on": [
                        "aws_route_table.public",
                        "aws_route_table.public.*",
                        "local.azs",
                        "local.internet_gateway_id"
                    ],
                    "primary": {
                        "id": "r-rtb-0f6bcf177e5a0c8311080289494",
                        "attributes": {
                            "destination_cidr_block": "0.0.0.0/0",
                            "destination_prefix_list_id": "",
                            "egress_only_gateway_id": "",
                            "gateway_id": "igw-0a4625c06bb9f0d94",
                            "id": "r-rtb-0f6bcf177e5a0c8311080289494",
                            "instance_id": "",
                            "instance_owner_id": "",
                            "nat_gateway_id": "",
                            "network_interface_id": "",
                            "origin": "CreateRoute",
                            "route_table_id": "rtb-0f6bcf177e5a0c831",
                            "state": "active",
                            "vpc_peering_connection_id": ""
                        },
                        "meta": {
                            "e2bfb730-ecaa-11e6-8f88-34363bc7c4c0": {
                                "create": 120000000000,
                                "delete": 300000000000
                            }
                        },
                        "tainted": false
                    },
                    "deposed": [],
                    "provider": "provider.aws"
                },
                "aws_route53_record.proxy": {
                    "type": "aws_route53_record",
                    "depends_on": [
                        "aws_lb.proxy",
                        "data.aws_route53_zone.proxy"
                    ],
                    "primary": {
                        "id": "Z1PBZ5JURR101U_cluster.imurhuckleberry.net_A",
                        "attributes": {
                            "alias.#": "1",
                            "alias.2217812090.evaluate_target_health": "true",
                            "alias.2217812090.name": "test1-proxy-ea66b07a231d539e.elb.us-east-1.amazonaws.com",
                            "alias.2217812090.zone_id": "Z26RNL4JYFTOTI",
                            "allow_overwrite": "true",
                            "fqdn": "cluster.imurhuckleberry.net",
                            "health_check_id": "",
                            "id": "Z1PBZ5JURR101U_cluster.imurhuckleberry.net_A",
                            "name": "cluster.imurhuckleberry.net",
                            "records.#": "0",
                            "set_identifier": "",
                            "ttl": "0",
                            "type": "A",
                            "zone_id": "Z1PBZ5JURR101U"
                        },
                        "meta": {
                            "schema_version": "2"
                        },
                        "tainted": false
                    },
                    "deposed": [],
                    "provider": "provider.aws"
                },
                "aws_route_table.auth.0": {
                    "type": "aws_route_table",
                    "depends_on": [
                        "local.azs",
                        "local.vpc_id"
                    ],
                    "primary": {
                        "id": "rtb-07676cbfadd32e8ed",
                        "attributes": {
                            "id": "rtb-07676cbfadd32e8ed",
                            "propagating_vgws.#": "0",
                            "route.#": "1",
                            "route.630226514.cidr_block": "0.0.0.0/0",
                            "route.630226514.egress_only_gateway_id": "",
                            "route.630226514.gateway_id": "",
                            "route.630226514.instance_id": "",
                            "route.630226514.ipv6_cidr_block": "",
                            "route.630226514.nat_gateway_id": "nat-07b8ca96cf9164cec",
                            "route.630226514.network_interface_id": "",
                            "route.630226514.vpc_peering_connection_id": "",
                            "tags.%": "1",
                            "tags.TeleportCluster": "test1",
                            "vpc_id": "vpc-00f2d3f0186b9102e"
                        },
                        "meta": {},
                        "tainted": false
                    },
                    "deposed": [],
                    "provider": "provider.aws"
                },
                "aws_route_table.auth.1": {
                    "type": "aws_route_table",
                    "depends_on": [
                        "local.azs",
                        "local.vpc_id"
                    ],
                    "primary": {
                        "id": "rtb-02a318476694a6231",
                        "attributes": {
                            "id": "rtb-02a318476694a6231",
                            "propagating_vgws.#": "0",
                            "route.#": "1",
                            "route.4225740802.cidr_block": "0.0.0.0/0",
                            "route.4225740802.egress_only_gateway_id": "",
                            "route.4225740802.gateway_id": "",
                            "route.4225740802.instance_id": "",
                            "route.4225740802.ipv6_cidr_block": "",
                            "route.4225740802.nat_gateway_id": "nat-0bb97e78839e02662",
                            "route.4225740802.network_interface_id": "",
                            "route.4225740802.vpc_peering_connection_id": "",
                            "tags.%": "1",
                            "tags.TeleportCluster": "test1",
                            "vpc_id": "vpc-00f2d3f0186b9102e"
                        },
                        "meta": {},
                        "tainted": false
                    },
                    "deposed": [],
                    "provider": "provider.aws"
                },
                "aws_route_table.node.0": {
                    "type": "aws_route_table",
                    "depends_on": [
                        "local.azs",
                        "local.vpc_id"
                    ],
                    "primary": {
                        "id": "rtb-038a2e90254da13a0",
                        "attributes": {
                            "id": "rtb-038a2e90254da13a0",
                            "propagating_vgws.#": "0",
                            "route.#": "1",
                            "route.630226514.cidr_block": "0.0.0.0/0",
                            "route.630226514.egress_only_gateway_id": "",
                            "route.630226514.gateway_id": "",
                            "route.630226514.instance_id": "",
                            "route.630226514.ipv6_cidr_block": "",
                            "route.630226514.nat_gateway_id": "nat-07b8ca96cf9164cec",
                            "route.630226514.network_interface_id": "",
                            "route.630226514.vpc_peering_connection_id": "",
                            "tags.%": "1",
                            "tags.TeleportCluster": "test1",
                            "vpc_id": "vpc-00f2d3f0186b9102e"
                        },
                        "meta": {},
                        "tainted": false
                    },
                    "deposed": [],
                    "provider": "provider.aws"
                },
                "aws_route_table.node.1": {
                    "type": "aws_route_table",
                    "depends_on": [
                        "local.azs",
                        "local.vpc_id"
                    ],
                    "primary": {
                        "id": "rtb-0005e41adc1fbd87d",
                        "attributes": {
                            "id": "rtb-0005e41adc1fbd87d",
                            "propagating_vgws.#": "0",
                            "route.#": "1",
                            "route.4225740802.cidr_block": "0.0.0.0/0",
                            "route.4225740802.egress_only_gateway_id": "",
                            "route.4225740802.gateway_id": "",
                            "route.4225740802.instance_id": "",
                            "route.4225740802.ipv6_cidr_block": "",
                            "route.4225740802.nat_gateway_id": "nat-0bb97e78839e02662",
                            "route.4225740802.network_interface_id": "",
                            "route.4225740802.vpc_peering_connection_id": "",
                            "tags.%": "1",
                            "tags.TeleportCluster": "test1",
                            "vpc_id": "vpc-00f2d3f0186b9102e"
                        },
                        "meta": {},
                        "tainted": false
                    },
                    "deposed": [],
                    "provider": "provider.aws"
                },
                "aws_route_table.public.0": {
                    "type": "aws_route_table",
                    "depends_on": [
                        "local.azs",
                        "local.vpc_id"
                    ],
                    "primary": {
                        "id": "rtb-0b3feac7af2909ef6",
                        "attributes": {
                            "id": "rtb-0b3feac7af2909ef6",
                            "propagating_vgws.#": "0",
                            "route.#": "1",
                            "route.1463542486.cidr_block": "0.0.0.0/0",
                            "route.1463542486.egress_only_gateway_id": "",
                            "route.1463542486.gateway_id": "igw-0a4625c06bb9f0d94",
                            "route.1463542486.instance_id": "",
                            "route.1463542486.ipv6_cidr_block": "",
                            "route.1463542486.nat_gateway_id": "",
                            "route.1463542486.network_interface_id": "",
                            "route.1463542486.vpc_peering_connection_id": "",
                            "tags.%": "1",
                            "tags.TeleportCluster": "test1",
                            "vpc_id": "vpc-00f2d3f0186b9102e"
                        },
                        "meta": {},
                        "tainted": false
                    },
                    "deposed": [],
                    "provider": "provider.aws"
                },
                "aws_route_table.public.1": {
                    "type": "aws_route_table",
                    "depends_on": [
                        "local.azs",
                        "local.vpc_id"
                    ],
                    "primary": {
                        "id": "rtb-0f6bcf177e5a0c831",
                        "attributes": {
                            "id": "rtb-0f6bcf177e5a0c831",
                            "propagating_vgws.#": "0",
                            "route.#": "1",
                            "route.1463542486.cidr_block": "0.0.0.0/0",
                            "route.1463542486.egress_only_gateway_id": "",
                            "route.1463542486.gateway_id": "igw-0a4625c06bb9f0d94",
                            "route.1463542486.instance_id": "",
                            "route.1463542486.ipv6_cidr_block": "",
                            "route.1463542486.nat_gateway_id": "",
                            "route.1463542486.network_interface_id": "",
                            "route.1463542486.vpc_peering_connection_id": "",
                            "tags.%": "1",
                            "tags.TeleportCluster": "test1",
                            "vpc_id": "vpc-00f2d3f0186b9102e"
                        },
                        "meta": {},
                        "tainted": false
                    },
                    "deposed": [],
                    "provider": "provider.aws"
                },
                "aws_route_table_association.auth.0": {
                    "type": "aws_route_table_association",
                    "depends_on": [
                        "aws_route_table.auth.*",
                        "aws_subnet.auth.*",
                        "local.azs"
                    ],
                    "primary": {
                        "id": "rtbassoc-0266585cfcf387b17",
                        "attributes": {
                            "id": "rtbassoc-0266585cfcf387b17",
                            "route_table_id": "rtb-07676cbfadd32e8ed",
                            "subnet_id": "subnet-0ec89dd4cd133c463"
                        },
                        "meta": {},
                        "tainted": false
                    },
                    "deposed": [],
                    "provider": "provider.aws"
                },
                "aws_route_table_association.auth.1": {
                    "type": "aws_route_table_association",
                    "depends_on": [
                        "aws_route_table.auth.*",
                        "aws_subnet.auth.*",
                        "local.azs"
                    ],
                    "primary": {
                        "id": "rtbassoc-05a4ab5123107567e",
                        "attributes": {
                            "id": "rtbassoc-05a4ab5123107567e",
                            "route_table_id": "rtb-02a318476694a6231",
                            "subnet_id": "subnet-05a37fd2847a5c218"
                        },
                        "meta": {},
                        "tainted": false
                    },
                    "deposed": [],
                    "provider": "provider.aws"
                },
                "aws_route_table_association.node.0": {
                    "type": "aws_route_table_association",
                    "depends_on": [
                        "aws_route_table.node.*",
                        "aws_subnet.node.*",
                        "local.azs"
                    ],
                    "primary": {
                        "id": "rtbassoc-033902825893c62cf",
                        "attributes": {
                            "id": "rtbassoc-033902825893c62cf",
                            "route_table_id": "rtb-038a2e90254da13a0",
                            "subnet_id": "subnet-06150bcf38a045934"
                        },
                        "meta": {},
                        "tainted": false
                    },
                    "deposed": [],
                    "provider": "provider.aws"
                },
                "aws_route_table_association.node.1": {
                    "type": "aws_route_table_association",
                    "depends_on": [
                        "aws_route_table.node.*",
                        "aws_subnet.node.*",
                        "local.azs"
                    ],
                    "primary": {
                        "id": "rtbassoc-039434769e7aad43e",
                        "attributes": {
                            "id": "rtbassoc-039434769e7aad43e",
                            "route_table_id": "rtb-0005e41adc1fbd87d",
                            "subnet_id": "subnet-0d1de3bcbd26ebe4c"
                        },
                        "meta": {},
                        "tainted": false
                    },
                    "deposed": [],
                    "provider": "provider.aws"
                },
                "aws_route_table_association.public.0": {
                    "type": "aws_route_table_association",
                    "depends_on": [
                        "aws_route_table.public.*",
                        "aws_subnet.public.*",
                        "local.azs"
                    ],
                    "primary": {
                        "id": "rtbassoc-0779f45990eae8fb7",
                        "attributes": {
                            "id": "rtbassoc-0779f45990eae8fb7",
                            "route_table_id": "rtb-0b3feac7af2909ef6",
                            "subnet_id": "subnet-0342d06b933ed0a4e"
                        },
                        "meta": {},
                        "tainted": false
                    },
                    "deposed": [],
                    "provider": "provider.aws"
                },
                "aws_route_table_association.public.1": {
                    "type": "aws_route_table_association",
                    "depends_on": [
                        "aws_route_table.public.*",
                        "aws_subnet.public.*",
                        "local.azs"
                    ],
                    "primary": {
                        "id": "rtbassoc-07372d71f3c5daef3",
                        "attributes": {
                            "id": "rtbassoc-07372d71f3c5daef3",
                            "route_table_id": "rtb-0f6bcf177e5a0c831",
                            "subnet_id": "subnet-0fe1400144e895a83"
                        },
                        "meta": {},
                        "tainted": false
                    },
                    "deposed": [],
                    "provider": "provider.aws"
                },
                "aws_s3_bucket.certs": {
                    "type": "aws_s3_bucket",
                    "depends_on": [],
                    "primary": {
                        "id": "cluster.imurhuckleberry.net",
                        "attributes": {
                            "acceleration_status": "",
                            "acl": "private",
                            "arn": "arn:aws:s3:::cluster.imurhuckleberry.net",
                            "bucket": "cluster.imurhuckleberry.net",
                            "bucket_domain_name": "cluster.imurhuckleberry.net.s3.amazonaws.com",
                            "force_destroy": "true",
                            "hosted_zone_id": "Z3AQBSTGFYJSTF",
                            "id": "cluster.imurhuckleberry.net",
                            "logging.#": "0",
                            "region": "us-east-1",
                            "replication_configuration.#": "0",
                            "request_payer": "BucketOwner",
                            "server_side_encryption_configuration.#": "1",
                            "server_side_encryption_configuration.0.rule.#": "1",
                            "server_side_encryption_configuration.0.rule.0.apply_server_side_encryption_by_default.#": "1",
                            "server_side_encryption_configuration.0.rule.0.apply_server_side_encryption_by_default.0.kms_master_key_id": "",
                            "server_side_encryption_configuration.0.rule.0.apply_server_side_encryption_by_default.0.sse_algorithm": "AES256",
                            "tags.%": "0",
                            "versioning.#": "1",
                            "versioning.0.enabled": "false",
                            "versioning.0.mfa_delete": "false",
                            "website.#": "0"
                        },
                        "meta": {},
                        "tainted": false
                    },
                    "deposed": [],
                    "provider": "provider.aws"
                },
                "aws_s3_bucket_object.grafana_teleport_dashboard": {
                    "type": "aws_s3_bucket_object",
                    "depends_on": [
                        "aws_s3_bucket.certs"
                    ],
                    "primary": {
                        "id": "health-dashboard.json",
                        "attributes": {
                            "acl": "private",
                            "bucket": "cluster.imurhuckleberry.net",
                            "cache_control": "",
                            "content_disposition": "",
                            "content_encoding": "",
                            "content_language": "",
                            "content_type": "binary/octet-stream",
                            "etag": "be4fb64d77e8391f2f6047adfd00a117",
                            "id": "health-dashboard.json",
                            "key": "health-dashboard.json",
                            "server_side_encryption": "AES256",
                            "source": "./assets/health-dashboard.json",
                            "storage_class": "STANDARD",
                            "tags.%": "0",
                            "version_id": "",
                            "website_redirect": ""
                        },
                        "meta": {},
                        "tainted": false
                    },
                    "deposed": [],
                    "provider": "provider.aws"
                },
                "aws_s3_bucket_object.grafana_teleport_nginx": {
                    "type": "aws_s3_bucket_object",
                    "depends_on": [
                        "aws_s3_bucket.certs"
                    ],
                    "primary": {
                        "id": "grafana-nginx.conf",
                        "attributes": {
                            "acl": "private",
                            "bucket": "cluster.imurhuckleberry.net",
                            "cache_control": "",
                            "content_disposition": "",
                            "content_encoding": "",
                            "content_language": "",
                            "content_type": "binary/octet-stream",
                            "etag": "d6d3ebc509f7620b0b3c976aba5a2c06",
                            "id": "grafana-nginx.conf",
                            "key": "grafana-nginx.conf",
                            "server_side_encryption": "AES256",
                            "source": "./assets/grafana-nginx.conf",
                            "storage_class": "STANDARD",
                            "tags.%": "0",
                            "version_id": "",
                            "website_redirect": ""
                        },
                        "meta": {},
                        "tainted": false
                    },
                    "deposed": [],
                    "provider": "provider.aws"
                },
                "aws_security_group.auth": {
                    "type": "aws_security_group",
                    "depends_on": [
                        "local.vpc_id"
                    ],
                    "primary": {
                        "id": "sg-04d1acea39a7c0a6a",
                        "attributes": {
                            "arn": "arn:aws:ec2:us-east-1:285172960274:security-group/sg-04d1acea39a7c0a6a",
                            "description": "Managed by Terraform",
                            "egress.#": "1",
                            "egress.482069346.cidr_blocks.#": "1",
                            "egress.482069346.cidr_blocks.0": "0.0.0.0/0",
                            "egress.482069346.description": "",
                            "egress.482069346.from_port": "0",
                            "egress.482069346.ipv6_cidr_blocks.#": "0",
                            "egress.482069346.prefix_list_ids.#": "0",
                            "egress.482069346.protocol": "-1",
                            "egress.482069346.security_groups.#": "0",
                            "egress.482069346.self": "false",
                            "egress.482069346.to_port": "0",
                            "id": "sg-04d1acea39a7c0a6a",
                            "ingress.#": "3",
                            "ingress.1902901959.cidr_blocks.#": "0",
                            "ingress.1902901959.description": "",
                            "ingress.1902901959.from_port": "22",
                            "ingress.1902901959.ipv6_cidr_blocks.#": "0",
                            "ingress.1902901959.protocol": "tcp",
                            "ingress.1902901959.security_groups.#": "1",
                            "ingress.1902901959.security_groups.436782228": "sg-088886e1617af5715",
                            "ingress.1902901959.self": "false",
                            "ingress.1902901959.to_port": "22",
                            "ingress.3913171744.cidr_blocks.#": "4",
                            "ingress.3913171744.cidr_blocks.0": "172.31.2.0/24",
                            "ingress.3913171744.cidr_blocks.1": "172.31.3.0/24",
                            "ingress.3913171744.cidr_blocks.2": "172.31.4.0/22",
                            "ingress.3913171744.cidr_blocks.3": "172.31.8.0/22",
                            "ingress.3913171744.description": "",
                            "ingress.3913171744.from_port": "3025",
                            "ingress.3913171744.ipv6_cidr_blocks.#": "0",
                            "ingress.3913171744.protocol": "tcp",
                            "ingress.3913171744.security_groups.#": "1",
                            "ingress.3913171744.security_groups.2737965688": "sg-07457beeabb981439",
                            "ingress.3913171744.self": "false",
                            "ingress.3913171744.to_port": "3025",
                            "ingress.753360330.cidr_blocks.#": "0",
                            "ingress.753360330.description": "",
                            "ingress.753360330.from_port": "0",
                            "ingress.753360330.ipv6_cidr_blocks.#": "0",
                            "ingress.753360330.protocol": "-1",
                            "ingress.753360330.security_groups.#": "0",
                            "ingress.753360330.self": "true",
                            "ingress.753360330.to_port": "0",
                            "name": "test1-auth",
                            "owner_id": "285172960274",
                            "revoke_rules_on_delete": "false",
                            "tags.%": "1",
                            "tags.TeleportCluster": "test1",
                            "vpc_id": "vpc-00f2d3f0186b9102e"
                        },
                        "meta": {
                            "e2bfb730-ecaa-11e6-8f88-34363bc7c4c0": {
                                "create": 600000000000,
                                "delete": 600000000000
                            },
                            "schema_version": "1"
                        },
                        "tainted": false
                    },
                    "deposed": [],
                    "provider": "provider.aws"
                },
                "aws_security_group.bastion": {
                    "type": "aws_security_group",
                    "depends_on": [
                        "local.vpc_id"
                    ],
                    "primary": {
                        "id": "sg-088886e1617af5715",
                        "attributes": {
                            "arn": "arn:aws:ec2:us-east-1:285172960274:security-group/sg-088886e1617af5715",
                            "description": "Managed by Terraform",
                            "egress.#": "1",
                            "egress.482069346.cidr_blocks.#": "1",
                            "egress.482069346.cidr_blocks.0": "0.0.0.0/0",
                            "egress.482069346.description": "",
                            "egress.482069346.from_port": "0",
                            "egress.482069346.ipv6_cidr_blocks.#": "0",
                            "egress.482069346.prefix_list_ids.#": "0",
                            "egress.482069346.protocol": "-1",
                            "egress.482069346.security_groups.#": "0",
                            "egress.482069346.self": "false",
                            "egress.482069346.to_port": "0",
                            "id": "sg-088886e1617af5715",
                            "ingress.#": "1",
                            "ingress.2541437006.cidr_blocks.#": "1",
                            "ingress.2541437006.cidr_blocks.0": "0.0.0.0/0",
                            "ingress.2541437006.description": "",
                            "ingress.2541437006.from_port": "22",
                            "ingress.2541437006.ipv6_cidr_blocks.#": "0",
                            "ingress.2541437006.protocol": "tcp",
                            "ingress.2541437006.security_groups.#": "0",
                            "ingress.2541437006.self": "false",
                            "ingress.2541437006.to_port": "22",
                            "name": "test1-bastion",
                            "owner_id": "285172960274",
                            "revoke_rules_on_delete": "false",
                            "tags.%": "1",
                            "tags.TeleportCluster": "test1",
                            "vpc_id": "vpc-00f2d3f0186b9102e"
                        },
                        "meta": {
                            "e2bfb730-ecaa-11e6-8f88-34363bc7c4c0": {
                                "create": 600000000000,
                                "delete": 600000000000
                            },
                            "schema_version": "1"
                        },
                        "tainted": false
                    },
                    "deposed": [],
                    "provider": "provider.aws"
                },
                "aws_security_group.monitor": {
                    "type": "aws_security_group",
                    "depends_on": [
                        "local.vpc_id"
                    ],
                    "primary": {
                        "id": "sg-0be0229247cfded79",
                        "attributes": {
                            "arn": "arn:aws:ec2:us-east-1:285172960274:security-group/sg-0be0229247cfded79",
                            "description": "Managed by Terraform",
                            "egress.#": "1",
                            "egress.482069346.cidr_blocks.#": "1",
                            "egress.482069346.cidr_blocks.0": "0.0.0.0/0",
                            "egress.482069346.description": "",
                            "egress.482069346.from_port": "0",
                            "egress.482069346.ipv6_cidr_blocks.#": "0",
                            "egress.482069346.prefix_list_ids.#": "0",
                            "egress.482069346.protocol": "-1",
                            "egress.482069346.security_groups.#": "0",
                            "egress.482069346.self": "false",
                            "egress.482069346.to_port": "0",
                            "id": "sg-0be0229247cfded79",
                            "ingress.#": "3",
                            "ingress.1902901959.cidr_blocks.#": "0",
                            "ingress.1902901959.description": "",
                            "ingress.1902901959.from_port": "22",
                            "ingress.1902901959.ipv6_cidr_blocks.#": "0",
                            "ingress.1902901959.protocol": "tcp",
                            "ingress.1902901959.security_groups.#": "1",
                            "ingress.1902901959.security_groups.436782228": "sg-088886e1617af5715",
                            "ingress.1902901959.self": "false",
                            "ingress.1902901959.to_port": "22",
                            "ingress.2715662207.cidr_blocks.#": "1",
                            "ingress.2715662207.cidr_blocks.0": "0.0.0.0/0",
                            "ingress.2715662207.description": "",
                            "ingress.2715662207.from_port": "8443",
                            "ingress.2715662207.ipv6_cidr_blocks.#": "0",
                            "ingress.2715662207.protocol": "tcp",
                            "ingress.2715662207.security_groups.#": "0",
                            "ingress.2715662207.self": "false",
                            "ingress.2715662207.to_port": "8443",
                            "ingress.3240564715.cidr_blocks.#": "1",
                            "ingress.3240564715.cidr_blocks.0": "172.31.0.0/16",
                            "ingress.3240564715.description": "",
                            "ingress.3240564715.from_port": "8086",
                            "ingress.3240564715.ipv6_cidr_blocks.#": "0",
                            "ingress.3240564715.protocol": "tcp",
                            "ingress.3240564715.security_groups.#": "0",
                            "ingress.3240564715.self": "false",
                            "ingress.3240564715.to_port": "8086",
                            "name": "test1-monitor",
                            "owner_id": "285172960274",
                            "revoke_rules_on_delete": "false",
                            "tags.%": "1",
                            "tags.TeleportCluster": "test1",
                            "vpc_id": "vpc-00f2d3f0186b9102e"
                        },
                        "meta": {
                            "e2bfb730-ecaa-11e6-8f88-34363bc7c4c0": {
                                "create": 600000000000,
                                "delete": 600000000000
                            },
                            "schema_version": "1"
                        },
                        "tainted": false
                    },
                    "deposed": [],
                    "provider": "provider.aws"
                },
                "aws_security_group.node": {
                    "type": "aws_security_group",
                    "depends_on": [
                        "local.vpc_id"
                    ],
                    "primary": {
                        "id": "sg-0ac128015365bb4b3",
                        "attributes": {
                            "arn": "arn:aws:ec2:us-east-1:285172960274:security-group/sg-0ac128015365bb4b3",
                            "description": "Managed by Terraform",
                            "egress.#": "1",
                            "egress.482069346.cidr_blocks.#": "1",
                            "egress.482069346.cidr_blocks.0": "0.0.0.0/0",
                            "egress.482069346.description": "",
                            "egress.482069346.from_port": "0",
                            "egress.482069346.ipv6_cidr_blocks.#": "0",
                            "egress.482069346.prefix_list_ids.#": "0",
                            "egress.482069346.protocol": "-1",
                            "egress.482069346.security_groups.#": "0",
                            "egress.482069346.self": "false",
                            "egress.482069346.to_port": "0",
                            "id": "sg-0ac128015365bb4b3",
                            "ingress.#": "2",
                            "ingress.1902901959.cidr_blocks.#": "0",
                            "ingress.1902901959.description": "",
                            "ingress.1902901959.from_port": "22",
                            "ingress.1902901959.ipv6_cidr_blocks.#": "0",
                            "ingress.1902901959.protocol": "tcp",
                            "ingress.1902901959.security_groups.#": "1",
                            "ingress.1902901959.security_groups.436782228": "sg-088886e1617af5715",
                            "ingress.1902901959.self": "false",
                            "ingress.1902901959.to_port": "22",
                            "ingress.2304543211.cidr_blocks.#": "0",
                            "ingress.2304543211.description": "",
                            "ingress.2304543211.from_port": "3022",
                            "ingress.2304543211.ipv6_cidr_blocks.#": "0",
                            "ingress.2304543211.protocol": "tcp",
                            "ingress.2304543211.security_groups.#": "1",
                            "ingress.2304543211.security_groups.2737965688": "sg-07457beeabb981439",
                            "ingress.2304543211.self": "false",
                            "ingress.2304543211.to_port": "3022",
                            "name": "test1-node",
                            "owner_id": "285172960274",
                            "revoke_rules_on_delete": "false",
                            "tags.%": "1",
                            "tags.TeleportCluster": "test1",
                            "vpc_id": "vpc-00f2d3f0186b9102e"
                        },
                        "meta": {
                            "e2bfb730-ecaa-11e6-8f88-34363bc7c4c0": {
                                "create": 600000000000,
                                "delete": 600000000000
                            },
                            "schema_version": "1"
                        },
                        "tainted": false
                    },
                    "deposed": [],
                    "provider": "provider.aws"
                },
                "aws_security_group.proxy": {
                    "type": "aws_security_group",
                    "depends_on": [
                        "local.vpc_id"
                    ],
                    "primary": {
                        "id": "sg-07457beeabb981439",
                        "attributes": {
                            "arn": "arn:aws:ec2:us-east-1:285172960274:security-group/sg-07457beeabb981439",
                            "description": "Managed by Terraform",
                            "egress.#": "1",
                            "egress.482069346.cidr_blocks.#": "1",
                            "egress.482069346.cidr_blocks.0": "0.0.0.0/0",
                            "egress.482069346.description": "",
                            "egress.482069346.from_port": "0",
                            "egress.482069346.ipv6_cidr_blocks.#": "0",
                            "egress.482069346.prefix_list_ids.#": "0",
                            "egress.482069346.protocol": "-1",
                            "egress.482069346.security_groups.#": "0",
                            "egress.482069346.self": "false",
                            "egress.482069346.to_port": "0",
                            "id": "sg-07457beeabb981439",
                            "ingress.#": "3",
                            "ingress.1902901959.cidr_blocks.#": "0",
                            "ingress.1902901959.description": "",
                            "ingress.1902901959.from_port": "22",
                            "ingress.1902901959.ipv6_cidr_blocks.#": "0",
                            "ingress.1902901959.protocol": "tcp",
                            "ingress.1902901959.security_groups.#": "1",
                            "ingress.1902901959.security_groups.436782228": "sg-088886e1617af5715",
                            "ingress.1902901959.self": "false",
                            "ingress.1902901959.to_port": "22",
                            "ingress.2079665062.cidr_blocks.#": "1",
                            "ingress.2079665062.cidr_blocks.0": "0.0.0.0/0",
                            "ingress.2079665062.description": "",
                            "ingress.2079665062.from_port": "3080",
                            "ingress.2079665062.ipv6_cidr_blocks.#": "0",
                            "ingress.2079665062.protocol": "tcp",
                            "ingress.2079665062.security_groups.#": "0",
                            "ingress.2079665062.self": "false",
                            "ingress.2079665062.to_port": "3080",
                            "ingress.317860152.cidr_blocks.#": "1",
                            "ingress.317860152.cidr_blocks.0": "0.0.0.0/0",
                            "ingress.317860152.description": "",
                            "ingress.317860152.from_port": "3023",
                            "ingress.317860152.ipv6_cidr_blocks.#": "0",
                            "ingress.317860152.protocol": "tcp",
                            "ingress.317860152.security_groups.#": "0",
                            "ingress.317860152.self": "false",
                            "ingress.317860152.to_port": "3023",
                            "name": "test1-proxy",
                            "owner_id": "285172960274",
                            "revoke_rules_on_delete": "false",
                            "tags.%": "1",
                            "tags.TeleportCluster": "test1",
                            "vpc_id": "vpc-00f2d3f0186b9102e"
                        },
                        "meta": {
                            "e2bfb730-ecaa-11e6-8f88-34363bc7c4c0": {
                                "create": 600000000000,
                                "delete": 600000000000
                            },
                            "schema_version": "1"
                        },
                        "tainted": false
                    },
                    "deposed": [],
                    "provider": "provider.aws"
                },
                "aws_security_group_rule.auth_egress_allow_all_traffic": {
                    "type": "aws_security_group_rule",
                    "depends_on": [
                        "aws_security_group.auth"
                    ],
                    "primary": {
                        "id": "sgrule-364067287",
                        "attributes": {
                            "cidr_blocks.#": "1",
                            "cidr_blocks.0": "0.0.0.0/0",
                            "description": "",
                            "from_port": "0",
                            "id": "sgrule-364067287",
                            "ipv6_cidr_blocks.#": "0",
                            "prefix_list_ids.#": "0",
                            "protocol": "-1",
                            "security_group_id": "sg-04d1acea39a7c0a6a",
                            "self": "false",
                            "to_port": "0",
                            "type": "egress"
                        },
                        "meta": {
                            "schema_version": "2"
                        },
                        "tainted": false
                    },
                    "deposed": [],
                    "provider": "provider.aws"
                },
                "aws_security_group_rule.auth_ingress_allow_cidr_traffic": {
                    "type": "aws_security_group_rule",
                    "depends_on": [
                        "aws_security_group.auth",
                        "aws_subnet.public.*"
                    ],
                    "primary": {
                        "id": "sgrule-4261081306",
                        "attributes": {
                            "cidr_blocks.#": "2",
                            "cidr_blocks.0": "172.31.2.0/24",
                            "cidr_blocks.1": "172.31.3.0/24",
                            "description": "",
                            "from_port": "3025",
                            "id": "sgrule-4261081306",
                            "ipv6_cidr_blocks.#": "0",
                            "prefix_list_ids.#": "0",
                            "protocol": "tcp",
                            "security_group_id": "sg-04d1acea39a7c0a6a",
                            "self": "false",
                            "to_port": "3025",
                            "type": "ingress"
                        },
                        "meta": {
                            "schema_version": "2"
                        },
                        "tainted": false
                    },
                    "deposed": [],
                    "provider": "provider.aws"
                },
                "aws_security_group_rule.auth_ingress_allow_internal_traffic": {
                    "type": "aws_security_group_rule",
                    "depends_on": [
                        "aws_security_group.auth"
                    ],
                    "primary": {
                        "id": "sgrule-3249758800",
                        "attributes": {
                            "cidr_blocks.#": "0",
                            "description": "",
                            "from_port": "0",
                            "id": "sgrule-3249758800",
                            "ipv6_cidr_blocks.#": "0",
                            "prefix_list_ids.#": "0",
                            "protocol": "-1",
                            "security_group_id": "sg-04d1acea39a7c0a6a",
                            "self": "true",
                            "source_security_group_id": "sg-04d1acea39a7c0a6a",
                            "to_port": "0",
                            "type": "ingress"
                        },
                        "meta": {
                            "schema_version": "2"
                        },
                        "tainted": false
                    },
                    "deposed": [],
                    "provider": "provider.aws"
                },
                "aws_security_group_rule.auth_ingress_allow_node_cidr_traffic": {
                    "type": "aws_security_group_rule",
                    "depends_on": [
                        "aws_security_group.auth",
                        "aws_subnet.node.*"
                    ],
                    "primary": {
                        "id": "sgrule-202076036",
                        "attributes": {
                            "cidr_blocks.#": "2",
                            "cidr_blocks.0": "172.31.4.0/22",
                            "cidr_blocks.1": "172.31.8.0/22",
                            "description": "",
                            "from_port": "3025",
                            "id": "sgrule-202076036",
                            "ipv6_cidr_blocks.#": "0",
                            "prefix_list_ids.#": "0",
                            "protocol": "tcp",
                            "security_group_id": "sg-04d1acea39a7c0a6a",
                            "self": "false",
                            "to_port": "3025",
                            "type": "ingress"
                        },
                        "meta": {
                            "schema_version": "2"
                        },
                        "tainted": false
                    },
                    "deposed": [],
                    "provider": "provider.aws"
                },
                "aws_security_group_rule.auth_ingress_allow_public_traffic": {
                    "type": "aws_security_group_rule",
                    "depends_on": [
                        "aws_security_group.auth",
                        "aws_security_group.proxy"
                    ],
                    "primary": {
                        "id": "sgrule-982695233",
                        "attributes": {
                            "cidr_blocks.#": "0",
                            "description": "",
                            "from_port": "3025",
                            "id": "sgrule-982695233",
                            "ipv6_cidr_blocks.#": "0",
                            "prefix_list_ids.#": "0",
                            "protocol": "tcp",
                            "security_group_id": "sg-04d1acea39a7c0a6a",
                            "self": "false",
                            "source_security_group_id": "sg-07457beeabb981439",
                            "to_port": "3025",
                            "type": "ingress"
                        },
                        "meta": {
                            "schema_version": "2"
                        },
                        "tainted": false
                    },
                    "deposed": [],
                    "provider": "provider.aws"
                },
                "aws_security_group_rule.auth_ingress_allow_ssh": {
                    "type": "aws_security_group_rule",
                    "depends_on": [
                        "aws_security_group.auth",
                        "aws_security_group.bastion"
                    ],
                    "primary": {
                        "id": "sgrule-1278065271",
                        "attributes": {
                            "cidr_blocks.#": "0",
                            "description": "",
                            "from_port": "22",
                            "id": "sgrule-1278065271",
                            "ipv6_cidr_blocks.#": "0",
                            "prefix_list_ids.#": "0",
                            "protocol": "tcp",
                            "security_group_id": "sg-04d1acea39a7c0a6a",
                            "self": "false",
                            "source_security_group_id": "sg-088886e1617af5715",
                            "to_port": "22",
                            "type": "ingress"
                        },
                        "meta": {
                            "schema_version": "2"
                        },
                        "tainted": false
                    },
                    "deposed": [],
                    "provider": "provider.aws"
                },
                "aws_security_group_rule.bastion_ingress_allow_ssh": {
                    "type": "aws_security_group_rule",
                    "depends_on": [
                        "aws_security_group.bastion"
                    ],
                    "primary": {
                        "id": "sgrule-1635580627",
                        "attributes": {
                            "cidr_blocks.#": "1",
                            "cidr_blocks.0": "0.0.0.0/0",
                            "description": "",
                            "from_port": "22",
                            "id": "sgrule-1635580627",
                            "ipv6_cidr_blocks.#": "0",
                            "prefix_list_ids.#": "0",
                            "protocol": "tcp",
                            "security_group_id": "sg-088886e1617af5715",
                            "self": "false",
                            "to_port": "22",
                            "type": "ingress"
                        },
                        "meta": {
                            "schema_version": "2"
                        },
                        "tainted": false
                    },
                    "deposed": [],
                    "provider": "provider.aws"
                },
                "aws_security_group_rule.monitor_collector_ingress_allow_vpc_cidr_traffic": {
                    "type": "aws_security_group_rule",
                    "depends_on": [
                        "aws_security_group.monitor"
                    ],
                    "primary": {
                        "id": "sgrule-1675720887",
                        "attributes": {
                            "cidr_blocks.#": "1",
                            "cidr_blocks.0": "172.31.0.0/16",
                            "description": "",
                            "from_port": "8086",
                            "id": "sgrule-1675720887",
                            "ipv6_cidr_blocks.#": "0",
                            "prefix_list_ids.#": "0",
                            "protocol": "tcp",
                            "security_group_id": "sg-0be0229247cfded79",
                            "self": "false",
                            "to_port": "8086",
                            "type": "ingress"
                        },
                        "meta": {
                            "schema_version": "2"
                        },
                        "tainted": false
                    },
                    "deposed": [],
                    "provider": "provider.aws"
                },
                "aws_security_group_rule.monitor_egress_allow_all_traffic": {
                    "type": "aws_security_group_rule",
                    "depends_on": [
                        "aws_security_group.monitor"
                    ],
                    "primary": {
                        "id": "sgrule-4112177400",
                        "attributes": {
                            "cidr_blocks.#": "1",
                            "cidr_blocks.0": "0.0.0.0/0",
                            "description": "",
                            "from_port": "0",
                            "id": "sgrule-4112177400",
                            "ipv6_cidr_blocks.#": "0",
                            "prefix_list_ids.#": "0",
                            "protocol": "-1",
                            "security_group_id": "sg-0be0229247cfded79",
                            "self": "false",
                            "to_port": "0",
                            "type": "egress"
                        },
                        "meta": {
                            "schema_version": "2"
                        },
                        "tainted": false
                    },
                    "deposed": [],
                    "provider": "provider.aws"
                },
                "aws_security_group_rule.monitor_ingress_allow_ssh": {
                    "type": "aws_security_group_rule",
                    "depends_on": [
                        "aws_security_group.bastion",
                        "aws_security_group.monitor"
                    ],
                    "primary": {
                        "id": "sgrule-3463873235",
                        "attributes": {
                            "cidr_blocks.#": "0",
                            "description": "",
                            "from_port": "22",
                            "id": "sgrule-3463873235",
                            "ipv6_cidr_blocks.#": "0",
                            "prefix_list_ids.#": "0",
                            "protocol": "tcp",
                            "security_group_id": "sg-0be0229247cfded79",
                            "self": "false",
                            "source_security_group_id": "sg-088886e1617af5715",
                            "to_port": "22",
                            "type": "ingress"
                        },
                        "meta": {
                            "schema_version": "2"
                        },
                        "tainted": false
                    },
                    "deposed": [],
                    "provider": "provider.aws"
                },
                "aws_security_group_rule.monitor_ingress_allow_web": {
                    "type": "aws_security_group_rule",
                    "depends_on": [
                        "aws_security_group.monitor"
                    ],
                    "primary": {
                        "id": "sgrule-2794595170",
                        "attributes": {
                            "cidr_blocks.#": "1",
                            "cidr_blocks.0": "0.0.0.0/0",
                            "description": "",
                            "from_port": "8443",
                            "id": "sgrule-2794595170",
                            "ipv6_cidr_blocks.#": "0",
                            "prefix_list_ids.#": "0",
                            "protocol": "tcp",
                            "security_group_id": "sg-0be0229247cfded79",
                            "self": "false",
                            "to_port": "8443",
                            "type": "ingress"
                        },
                        "meta": {
                            "schema_version": "2"
                        },
                        "tainted": false
                    },
                    "deposed": [],
                    "provider": "provider.aws"
                },
                "aws_security_group_rule.node_egress_allow_all_traffic": {
                    "type": "aws_security_group_rule",
                    "depends_on": [
                        "aws_security_group.node"
                    ],
                    "primary": {
                        "id": "sgrule-1550910359",
                        "attributes": {
                            "cidr_blocks.#": "1",
                            "cidr_blocks.0": "0.0.0.0/0",
                            "description": "",
                            "from_port": "0",
                            "id": "sgrule-1550910359",
                            "ipv6_cidr_blocks.#": "0",
                            "prefix_list_ids.#": "0",
                            "protocol": "-1",
                            "security_group_id": "sg-0ac128015365bb4b3",
                            "self": "false",
                            "to_port": "0",
                            "type": "egress"
                        },
                        "meta": {
                            "schema_version": "2"
                        },
                        "tainted": false
                    },
                    "deposed": [],
                    "provider": "provider.aws"
                },
                "aws_security_group_rule.node_ingress_allow_ssh_bastion": {
                    "type": "aws_security_group_rule",
                    "depends_on": [
                        "aws_security_group.bastion",
                        "aws_security_group.node"
                    ],
                    "primary": {
                        "id": "sgrule-482627648",
                        "attributes": {
                            "cidr_blocks.#": "0",
                            "description": "",
                            "from_port": "22",
                            "id": "sgrule-482627648",
                            "ipv6_cidr_blocks.#": "0",
                            "prefix_list_ids.#": "0",
                            "protocol": "tcp",
                            "security_group_id": "sg-0ac128015365bb4b3",
                            "self": "false",
                            "source_security_group_id": "sg-088886e1617af5715",
                            "to_port": "22",
                            "type": "ingress"
                        },
                        "meta": {
                            "schema_version": "2"
                        },
                        "tainted": false
                    },
                    "deposed": [],
                    "provider": "provider.aws"
                },
                "aws_security_group_rule.node_ingress_allow_ssh_proxy": {
                    "type": "aws_security_group_rule",
                    "depends_on": [
                        "aws_security_group.node",
                        "aws_security_group.proxy"
                    ],
                    "primary": {
                        "id": "sgrule-3196709811",
                        "attributes": {
                            "cidr_blocks.#": "0",
                            "description": "",
                            "from_port": "3022",
                            "id": "sgrule-3196709811",
                            "ipv6_cidr_blocks.#": "0",
                            "prefix_list_ids.#": "0",
                            "protocol": "tcp",
                            "security_group_id": "sg-0ac128015365bb4b3",
                            "self": "false",
                            "source_security_group_id": "sg-07457beeabb981439",
                            "to_port": "3022",
                            "type": "ingress"
                        },
                        "meta": {
                            "schema_version": "2"
                        },
                        "tainted": false
                    },
                    "deposed": [],
                    "provider": "provider.aws"
                },
                "aws_security_group_rule.proxy_egress_allow_all_traffic": {
                    "type": "aws_security_group_rule",
                    "depends_on": [
                        "aws_security_group.proxy"
                    ],
                    "primary": {
                        "id": "sgrule-2073596826",
                        "attributes": {
                            "cidr_blocks.#": "1",
                            "cidr_blocks.0": "0.0.0.0/0",
                            "description": "",
                            "from_port": "0",
                            "id": "sgrule-2073596826",
                            "ipv6_cidr_blocks.#": "0",
                            "prefix_list_ids.#": "0",
                            "protocol": "-1",
                            "security_group_id": "sg-07457beeabb981439",
                            "self": "false",
                            "to_port": "0",
                            "type": "egress"
                        },
                        "meta": {
                            "schema_version": "2"
                        },
                        "tainted": false
                    },
                    "deposed": [],
                    "provider": "provider.aws"
                },
                "aws_security_group_rule.proxy_egress_bastion_all_traffic": {
                    "type": "aws_security_group_rule",
                    "depends_on": [
                        "aws_security_group.bastion"
                    ],
                    "primary": {
                        "id": "sgrule-933661870",
                        "attributes": {
                            "cidr_blocks.#": "1",
                            "cidr_blocks.0": "0.0.0.0/0",
                            "description": "",
                            "from_port": "0",
                            "id": "sgrule-933661870",
                            "ipv6_cidr_blocks.#": "0",
                            "prefix_list_ids.#": "0",
                            "protocol": "-1",
                            "security_group_id": "sg-088886e1617af5715",
                            "self": "false",
                            "to_port": "0",
                            "type": "egress"
                        },
                        "meta": {
                            "schema_version": "2"
                        },
                        "tainted": false
                    },
                    "deposed": [],
                    "provider": "provider.aws"
                },
                "aws_security_group_rule.proxy_ingress_allow_proxy": {
                    "type": "aws_security_group_rule",
                    "depends_on": [
                        "aws_security_group.proxy"
                    ],
                    "primary": {
                        "id": "sgrule-1937414417",
                        "attributes": {
                            "cidr_blocks.#": "1",
                            "cidr_blocks.0": "0.0.0.0/0",
                            "description": "",
                            "from_port": "3023",
                            "id": "sgrule-1937414417",
                            "ipv6_cidr_blocks.#": "0",
                            "prefix_list_ids.#": "0",
                            "protocol": "tcp",
                            "security_group_id": "sg-07457beeabb981439",
                            "self": "false",
                            "to_port": "3023",
                            "type": "ingress"
                        },
                        "meta": {
                            "schema_version": "2"
                        },
                        "tainted": false
                    },
                    "deposed": [],
                    "provider": "provider.aws"
                },
                "aws_security_group_rule.proxy_ingress_allow_ssh": {
                    "type": "aws_security_group_rule",
                    "depends_on": [
                        "aws_security_group.bastion",
                        "aws_security_group.proxy"
                    ],
                    "primary": {
                        "id": "sgrule-2622803258",
                        "attributes": {
                            "cidr_blocks.#": "0",
                            "description": "",
                            "from_port": "22",
                            "id": "sgrule-2622803258",
                            "ipv6_cidr_blocks.#": "0",
                            "prefix_list_ids.#": "0",
                            "protocol": "tcp",
                            "security_group_id": "sg-07457beeabb981439",
                            "self": "false",
                            "source_security_group_id": "sg-088886e1617af5715",
                            "to_port": "22",
                            "type": "ingress"
                        },
                        "meta": {
                            "schema_version": "2"
                        },
                        "tainted": false
                    },
                    "deposed": [],
                    "provider": "provider.aws"
                },
                "aws_security_group_rule.proxy_ingress_allow_web": {
                    "type": "aws_security_group_rule",
                    "depends_on": [
                        "aws_security_group.proxy"
                    ],
                    "primary": {
                        "id": "sgrule-1924544174",
                        "attributes": {
                            "cidr_blocks.#": "1",
                            "cidr_blocks.0": "0.0.0.0/0",
                            "description": "",
                            "from_port": "3080",
                            "id": "sgrule-1924544174",
                            "ipv6_cidr_blocks.#": "0",
                            "prefix_list_ids.#": "0",
                            "protocol": "tcp",
                            "security_group_id": "sg-07457beeabb981439",
                            "self": "false",
                            "to_port": "3080",
                            "type": "ingress"
                        },
                        "meta": {
                            "schema_version": "2"
                        },
                        "tainted": false
                    },
                    "deposed": [],
                    "provider": "provider.aws"
                },
                "aws_ssm_parameter.grafana_pass": {
                    "type": "aws_ssm_parameter",
                    "depends_on": [],
                    "primary": {
                        "id": "/teleport/test1/grafana_pass",
                        "attributes": {
                            "allowed_pattern": "",
                            "arn": "arn:aws:ssm:us-east-1:285172960274:parameter/teleport/test1/grafana_pass",
                            "description": "",
                            "id": "/teleport/test1/grafana_pass",
                            "key_id": "alias/aws/ssm",
                            "name": "/teleport/test1/grafana_pass",
                            "overwrite": "true",
                            "tags.%": "0",
                            "type": "SecureString",
                            "value": "setup some password here"
                        },
                        "meta": {},
                        "tainted": false
                    },
                    "deposed": [],
                    "provider": "provider.aws"
                },
                "aws_ssm_parameter.license": {
                    "type": "aws_ssm_parameter",
                    "depends_on": [],
                    "primary": {
                        "id": "/teleport/test1/license",
                        "attributes": {
                            "allowed_pattern": "",
                            "arn": "arn:aws:ssm:us-east-1:285172960274:parameter/teleport/test1/license",
                            "description": "",
                            "id": "/teleport/test1/license",
                            "key_id": "alias/aws/ssm",
                            "name": "/teleport/test1/license",
                            "overwrite": "true",
                            "tags.%": "0",
                            "type": "SecureString",
                            "value": "ABCD 1234\n"
                        },
                        "meta": {},
                        "tainted": false
                    },
                    "deposed": [],
                    "provider": "provider.aws"
                },
                "aws_subnet.auth.0": {
                    "type": "aws_subnet",
                    "depends_on": [
                        "local.azs",
                        "local.vpc_id"
                    ],
                    "primary": {
                        "id": "subnet-0ec89dd4cd133c463",
                        "attributes": {
                            "assign_ipv6_address_on_creation": "false",
                            "availability_zone": "us-east-1a",
                            "cidr_block": "172.31.0.0/24",
                            "id": "subnet-0ec89dd4cd133c463",
                            "map_public_ip_on_launch": "false",
                            "tags.%": "1",
                            "tags.TeleportCluster": "test1",
                            "vpc_id": "vpc-00f2d3f0186b9102e"
                        },
                        "meta": {
                            "schema_version": "1"
                        },
                        "tainted": false
                    },
                    "deposed": [],
                    "provider": "provider.aws"
                },
                "aws_subnet.auth.1": {
                    "type": "aws_subnet",
                    "depends_on": [
                        "local.azs",
                        "local.vpc_id"
                    ],
                    "primary": {
                        "id": "subnet-05a37fd2847a5c218",
                        "attributes": {
                            "assign_ipv6_address_on_creation": "false",
                            "availability_zone": "us-east-1b",
                            "cidr_block": "172.31.1.0/24",
                            "id": "subnet-05a37fd2847a5c218",
                            "map_public_ip_on_launch": "false",
                            "tags.%": "1",
                            "tags.TeleportCluster": "test1",
                            "vpc_id": "vpc-00f2d3f0186b9102e"
                        },
                        "meta": {
                            "schema_version": "1"
                        },
                        "tainted": false
                    },
                    "deposed": [],
                    "provider": "provider.aws"
                },
                "aws_subnet.node.0": {
                    "type": "aws_subnet",
                    "depends_on": [
                        "local.azs",
                        "local.vpc_id"
                    ],
                    "primary": {
                        "id": "subnet-06150bcf38a045934",
                        "attributes": {
                            "assign_ipv6_address_on_creation": "false",
                            "availability_zone": "us-east-1a",
                            "cidr_block": "172.31.4.0/22",
                            "id": "subnet-06150bcf38a045934",
                            "map_public_ip_on_launch": "false",
                            "tags.%": "1",
                            "tags.TeleportCluster": "test1",
                            "vpc_id": "vpc-00f2d3f0186b9102e"
                        },
                        "meta": {
                            "schema_version": "1"
                        },
                        "tainted": false
                    },
                    "deposed": [],
                    "provider": "provider.aws"
                },
                "aws_subnet.node.1": {
                    "type": "aws_subnet",
                    "depends_on": [
                        "local.azs",
                        "local.vpc_id"
                    ],
                    "primary": {
                        "id": "subnet-0d1de3bcbd26ebe4c",
                        "attributes": {
                            "assign_ipv6_address_on_creation": "false",
                            "availability_zone": "us-east-1b",
                            "cidr_block": "172.31.8.0/22",
                            "id": "subnet-0d1de3bcbd26ebe4c",
                            "map_public_ip_on_launch": "false",
                            "tags.%": "1",
                            "tags.TeleportCluster": "test1",
                            "vpc_id": "vpc-00f2d3f0186b9102e"
                        },
                        "meta": {
                            "schema_version": "1"
                        },
                        "tainted": false
                    },
                    "deposed": [],
                    "provider": "provider.aws"
                },
                "aws_subnet.public.0": {
                    "type": "aws_subnet",
                    "depends_on": [
                        "local.azs",
                        "local.vpc_id"
                    ],
                    "primary": {
                        "id": "subnet-0342d06b933ed0a4e",
                        "attributes": {
                            "assign_ipv6_address_on_creation": "false",
                            "availability_zone": "us-east-1a",
                            "cidr_block": "172.31.2.0/24",
                            "id": "subnet-0342d06b933ed0a4e",
                            "map_public_ip_on_launch": "false",
                            "tags.%": "1",
                            "tags.TeleportCluster": "test1",
                            "vpc_id": "vpc-00f2d3f0186b9102e"
                        },
                        "meta": {
                            "schema_version": "1"
                        },
                        "tainted": false
                    },
                    "deposed": [],
                    "provider": "provider.aws"
                },
                "aws_subnet.public.1": {
                    "type": "aws_subnet",
                    "depends_on": [
                        "local.azs",
                        "local.vpc_id"
                    ],
                    "primary": {
                        "id": "subnet-0fe1400144e895a83",
                        "attributes": {
                            "assign_ipv6_address_on_creation": "false",
                            "availability_zone": "us-east-1b",
                            "cidr_block": "172.31.3.0/24",
                            "id": "subnet-0fe1400144e895a83",
                            "map_public_ip_on_launch": "false",
                            "tags.%": "1",
                            "tags.TeleportCluster": "test1",
                            "vpc_id": "vpc-00f2d3f0186b9102e"
                        },
                        "meta": {
                            "schema_version": "1"
                        },
                        "tainted": false
                    },
                    "deposed": [],
                    "provider": "provider.aws"
                },
                "aws_vpc.teleport": {
                    "type": "aws_vpc",
                    "depends_on": [],
                    "primary": {
                        "id": "vpc-00f2d3f0186b9102e",
                        "attributes": {
                            "assign_generated_ipv6_cidr_block": "false",
                            "cidr_block": "172.31.0.0/16",
                            "default_network_acl_id": "acl-02126e03a55603037",
                            "default_route_table_id": "rtb-06c9fbf11a5f9f541",
                            "default_security_group_id": "sg-03511b4ce74bffade",
                            "dhcp_options_id": "dopt-b55a10ce",
                            "enable_classiclink": "false",
                            "enable_classiclink_dns_support": "false",
                            "enable_dns_hostnames": "true",
                            "enable_dns_support": "true",
                            "id": "vpc-00f2d3f0186b9102e",
                            "instance_tenancy": "default",
                            "main_route_table_id": "rtb-06c9fbf11a5f9f541",
                            "tags.%": "1",
                            "tags.TeleportCluster": "test1"
                        },
                        "meta": {
                            "schema_version": "1"
                        },
                        "tainted": false
                    },
                    "deposed": [],
                    "provider": "provider.aws"
                },
                "data.aws_ami.base": {
                    "type": "aws_ami",
                    "depends_on": [],
                    "primary": {
                        "id": "ami-0ad4259c45d8840e4",
                        "attributes": {
                            "architecture": "x86_64",
                            "block_device_mappings.#": "1",
                            "block_device_mappings.3607311014.device_name": "/dev/xvda",
                            "block_device_mappings.3607311014.ebs.%": "6",
                            "block_device_mappings.3607311014.ebs.delete_on_termination": "true",
                            "block_device_mappings.3607311014.ebs.encrypted": "false",
                            "block_device_mappings.3607311014.ebs.iops": "0",
                            "block_device_mappings.3607311014.ebs.snapshot_id": "snap-0173ac9fa50011e60",
                            "block_device_mappings.3607311014.ebs.volume_size": "8",
                            "block_device_mappings.3607311014.ebs.volume_type": "standard",
                            "block_device_mappings.3607311014.no_device": "",
                            "block_device_mappings.3607311014.virtual_name": "",
                            "creation_date": "2019-03-13T00:29:57.000Z",
                            "description": "Gravitational Teleport using AWS Linux AMI",
                            "filter.#": "1",
                            "filter.3412354979.name": "name",
                            "filter.3412354979.values.#": "1",
                            "filter.3412354979.values.0": "gravitational-teleport-ami-oss-3.1.7",
                            "hypervisor": "xen",
                            "id": "ami-0ad4259c45d8840e4",
                            "image_id": "ami-0ad4259c45d8840e4",
                            "image_location": "126027368216/gravitational-teleport-ami-oss-3.1.7",
                            "image_type": "machine",
                            "most_recent": "true",
                            "name": "gravitational-teleport-ami-oss-3.1.7",
                            "owner_id": "126027368216",
                            "product_codes.#": "0",
                            "public": "true",
                            "root_device_name": "/dev/xvda",
                            "root_device_type": "ebs",
                            "root_snapshot_id": "snap-0173ac9fa50011e60",
                            "sriov_net_support": "simple",
                            "state": "available",
                            "state_reason.%": "2",
                            "state_reason.code": "UNSET",
                            "state_reason.message": "UNSET",
                            "tags.%": "0",
                            "virtualization_type": "hvm"
                        },
                        "meta": {},
                        "tainted": false
                    },
                    "deposed": [],
                    "provider": "provider.aws"
                },
                "data.aws_availability_zones.available": {
                    "type": "aws_availability_zones",
                    "depends_on": [],
                    "primary": {
                        "id": "2019-09-10 22:58:49.707372351 +0000 UTC",
                        "attributes": {
                            "id": "2019-09-10 22:58:49.707372351 +0000 UTC",
                            "names.#": "6",
                            "names.0": "us-east-1a",
                            "names.1": "us-east-1b",
                            "names.2": "us-east-1c",
                            "names.3": "us-east-1d",
                            "names.4": "us-east-1e",
                            "names.5": "us-east-1f"
                        },
                        "meta": {},
                        "tainted": false
                    },
                    "deposed": [],
                    "provider": "provider.aws"
                },
                "data.aws_caller_identity.current": {
                    "type": "aws_caller_identity",
                    "depends_on": [],
                    "primary": {
                        "id": "2019-09-10 22:58:49.722984699 +0000 UTC",
                        "attributes": {
                            "account_id": "285172960274",
                            "arn": "arn:aws:iam::285172960274:user/ocp_installer",
                            "id": "2019-09-10 22:58:49.722984699 +0000 UTC",
                            "user_id": "AIDAUEZNCBQJN7IOM3P6E"
                        },
                        "meta": {},
                        "tainted": false
                    },
                    "deposed": [],
                    "provider": "provider.aws"
                },
                "data.aws_kms_alias.ssm": {
                    "type": "aws_kms_alias",
                    "depends_on": [],
                    "primary": {
                        "id": "2019-09-10 22:58:49.721859861 +0000 UTC",
                        "attributes": {
                            "arn": "arn:aws:kms:us-east-1:285172960274:alias/aws/ssm",
                            "id": "2019-09-10 22:58:49.721859861 +0000 UTC",
                            "name": "alias/aws/ssm",
                            "target_key_arn": "arn:aws:kms:us-east-1:285172960274:key/5b86f6cc-5c45-4753-86ee-016c760cac26",
                            "target_key_id": "5b86f6cc-5c45-4753-86ee-016c760cac26"
                        },
                        "meta": {},
                        "tainted": false
                    },
                    "deposed": [],
                    "provider": "provider.aws"
                },
                "data.aws_region.current": {
                    "type": "aws_region",
                    "depends_on": [],
                    "primary": {
                        "id": "us-east-1",
                        "attributes": {
                            "current": "true",
                            "endpoint": "ec2.us-east-1.amazonaws.com",
                            "id": "us-east-1",
                            "name": "us-east-1"
                        },
                        "meta": {},
                        "tainted": false
                    },
                    "deposed": [],
                    "provider": "provider.aws"
                },
                "data.aws_route53_zone.proxy": {
                    "type": "aws_route53_zone",
                    "depends_on": [],
                    "primary": {
                        "id": "Z1PBZ5JURR101U",
                        "attributes": {
                            "caller_reference": "RISWorkflow-RD:d90168b9-0354-4378-8ac9-c40a8cf87404",
                            "comment": "HostedZone created by Route53 Registrar",
                            "id": "Z1PBZ5JURR101U",
                            "name": "imurhuckleberry.net.",
                            "name_servers.#": "4",
                            "name_servers.0": "ns-1635.awsdns-12.co.uk",
                            "name_servers.1": "ns-1529.awsdns-63.org",
                            "name_servers.2": "ns-497.awsdns-62.com",
                            "name_servers.3": "ns-672.awsdns-20.net",
                            "private_zone": "false",
                            "resource_record_set_count": "3",
                            "zone_id": "Z1PBZ5JURR101U"
                        },
                        "meta": {},
                        "tainted": false
                    },
                    "deposed": [],
                    "provider": "provider.aws"
                },
                "data.template_file.auth_user_data": {
                    "type": "template_file",
                    "depends_on": [
                        "aws_dynamodb_table.locks",
                        "aws_dynamodb_table.teleport",
                        "aws_dynamodb_table.teleport_events",
                        "aws_lb.monitor"
                    ],
                    "primary": {
                        "id": "589728b888e17420f325474bd32dd21eec98296d2823beff0111ea6d57d1db7a",
                        "attributes": {
                            "id": "589728b888e17420f325474bd32dd21eec98296d2823beff0111ea6d57d1db7a",
                            "rendered": "#!/bin/bash\ncat \u003e/etc/teleport.d/conf \u003c\u003cEOF\nTELEPORT_ROLE=auth\nEC2_REGION=us-east-1\nTELEPORT_CLUSTER_NAME=test1\nTELEPORT_DOMAIN_ADMIN_EMAIL=sm_peterson@yahoo.com\nTELEPORT_DOMAIN_NAME=cluster.imurhuckleberry.net\nTELEPORT_DYNAMO_TABLE_NAME=test1\nTELEPORT_DYNAMO_EVENTS_TABLE_NAME=test1-events\nTELEPORT_LICENSE_PATH=/home/ubuntu/environment/teleport/examples/aws/terraform/license\nTELEPORT_LOCKS_TABLE_NAME=test1-locks\nTELEPORT_S3_BUCKET=cluster.imurhuckleberry.net\nUSE_ACM=false\nEOF",
                            "template": "#!/bin/bash\ncat \u003e/etc/teleport.d/conf \u003c\u003cEOF\nTELEPORT_ROLE=auth\nEC2_REGION=${region}\nTELEPORT_CLUSTER_NAME=${cluster_name}\nTELEPORT_DOMAIN_ADMIN_EMAIL=${email}\nTELEPORT_DOMAIN_NAME=${domain_name}\nTELEPORT_DYNAMO_TABLE_NAME=${dynamo_table_name}\nTELEPORT_DYNAMO_EVENTS_TABLE_NAME=${dynamo_events_table_name}\nTELEPORT_LICENSE_PATH=${license_path}\nTELEPORT_LOCKS_TABLE_NAME=${locks_table_name}\nTELEPORT_S3_BUCKET=${s3_bucket}\nUSE_ACM=${use_acm}\nEOF",
                            "vars.%": "13",
                            "vars.cluster_name": "test1",
                            "vars.domain_name": "cluster.imurhuckleberry.net",
                            "vars.dynamo_events_table_name": "test1-events",
                            "vars.dynamo_table_name": "test1",
                            "vars.email": "sm_peterson@yahoo.com",
                            "vars.influxdb_addr": "http://test1-monitor-8d7e62a29650f862.elb.us-east-1.amazonaws.com:8086",
                            "vars.license_path": "/home/ubuntu/environment/teleport/examples/aws/terraform/license",
                            "vars.locks_table_name": "test1-locks",
                            "vars.region": "us-east-1",
                            "vars.s3_bucket": "cluster.imurhuckleberry.net",
                            "vars.telegraf_version": "1.5.1-1",
                            "vars.teleport_uid": "1007",
                            "vars.use_acm": "false"
                        },
                        "meta": {},
                        "tainted": false
                    },
                    "deposed": [],
                    "provider": "provider.template"
                },
                "data.template_file.monitor_user_data": {
                    "type": "template_file",
                    "depends_on": [],
                    "primary": {
                        "id": "90624f4600eef29783a98565d085099c2164d55a2dda73cff282093f9869432e",
                        "attributes": {
                            "id": "90624f4600eef29783a98565d085099c2164d55a2dda73cff282093f9869432e",
                            "rendered": "#!/bin/bash\ncat \u003e/etc/teleport.d/conf \u003c\u003cEOF\nTELEPORT_ROLE=monitor\nEC2_REGION=us-east-1\nTELEPORT_CLUSTER_NAME=test1\nTELEPORT_DOMAIN_NAME=cluster.imurhuckleberry.net\nTELEPORT_S3_BUCKET=cluster.imurhuckleberry.net\nUSE_ACM=false\nEOF",
                            "template": "#!/bin/bash\ncat \u003e/etc/teleport.d/conf \u003c\u003cEOF\nTELEPORT_ROLE=monitor\nEC2_REGION=${region}\nTELEPORT_CLUSTER_NAME=${cluster_name}\nTELEPORT_DOMAIN_NAME=${domain_name}\nTELEPORT_S3_BUCKET=${s3_bucket}\nUSE_ACM=${use_acm}\nEOF",
                            "vars.%": "8",
                            "vars.cluster_name": "test1",
                            "vars.domain_name": "cluster.imurhuckleberry.net",
                            "vars.grafana_version": "4.6.3",
                            "vars.influxdb_version": "1.4.2",
                            "vars.region": "us-east-1",
                            "vars.s3_bucket": "cluster.imurhuckleberry.net",
                            "vars.telegraf_version": "1.5.1-1",
                            "vars.use_acm": "false"
                        },
                        "meta": {},
                        "tainted": false
                    },
                    "deposed": [],
                    "provider": "provider.template"
                },
                "data.template_file.node_user_data": {
                    "type": "template_file",
                    "depends_on": [
                        "aws_lb.auth",
                        "aws_lb.monitor"
                    ],
                    "primary": {
                        "id": "a3cc747d50e9c49905950849c9c4147c57ac920671247506278012d95b8dd251",
                        "attributes": {
                            "id": "a3cc747d50e9c49905950849c9c4147c57ac920671247506278012d95b8dd251",
                            "rendered": "#!/bin/bash\ncat \u003e/etc/teleport.d/conf \u003c\u003cEOF\nTELEPORT_ROLE=node\nEC2_REGION=us-east-1\nTELEPORT_AUTH_SERVER_LB=test1-auth-ecfac2a54d6a0940.elb.us-east-1.amazonaws.com:3025\nTELEPORT_CLUSTER_NAME=test1\nTELEPORT_INFLUXDB_ADDRESS=http://test1-monitor-8d7e62a29650f862.elb.us-east-1.amazonaws.com:8086\nUSE_ACM=false\nEOF",
                            "template": "#!/bin/bash\ncat \u003e/etc/teleport.d/conf \u003c\u003cEOF\nTELEPORT_ROLE=node\nEC2_REGION=${region}\nTELEPORT_AUTH_SERVER_LB=${auth_server_addr}\nTELEPORT_CLUSTER_NAME=${cluster_name}\nTELEPORT_INFLUXDB_ADDRESS=${influxdb_addr}\nUSE_ACM=${use_acm}\nEOF",
                            "vars.%": "6",
                            "vars.auth_server_addr": "test1-auth-ecfac2a54d6a0940.elb.us-east-1.amazonaws.com:3025",
                            "vars.cluster_name": "test1",
                            "vars.influxdb_addr": "http://test1-monitor-8d7e62a29650f862.elb.us-east-1.amazonaws.com:8086",
                            "vars.region": "us-east-1",
                            "vars.telegraf_version": "1.5.1-1",
                            "vars.use_acm": "false"
                        },
                        "meta": {},
                        "tainted": false
                    },
                    "deposed": [],
                    "provider": "provider.template"
                },
                "data.template_file.proxy_user_data": {
                    "type": "template_file",
                    "depends_on": [
                        "aws_lb.auth",
                        "aws_lb.monitor",
                        "aws_lb.proxy"
                    ],
                    "primary": {
                        "id": "a325aad328560bf203256a795eb65ca34355a6f362633d3cb3113c3e1730cf7b",
                        "attributes": {
                            "id": "a325aad328560bf203256a795eb65ca34355a6f362633d3cb3113c3e1730cf7b",
                            "rendered": "#!/bin/bash\ncat \u003e/etc/teleport.d/conf \u003c\u003cEOF\nTELEPORT_ROLE=proxy\nEC2_REGION=us-east-1\nTELEPORT_AUTH_SERVER_LB=test1-auth-ecfac2a54d6a0940.elb.us-east-1.amazonaws.com:3025\nTELEPORT_CLUSTER_NAME=test1\nTELEPORT_DOMAIN_NAME=cluster.imurhuckleberry.net\nTELEPORT_INFLUXDB_ADDRESS=http://test1-monitor-8d7e62a29650f862.elb.us-east-1.amazonaws.com:8086\nTELEPORT_PROXY_SERVER_LB=test1-proxy-ea66b07a231d539e.elb.us-east-1.amazonaws.com:3023\nTELEPORT_S3_BUCKET=cluster.imurhuckleberry.net\nUSE_ACM=false\nEOF",
                            "template": "#!/bin/bash\ncat \u003e/etc/teleport.d/conf \u003c\u003cEOF\nTELEPORT_ROLE=proxy\nEC2_REGION=${region}\nTELEPORT_AUTH_SERVER_LB=${auth_server_addr}\nTELEPORT_CLUSTER_NAME=${cluster_name}\nTELEPORT_DOMAIN_NAME=${domain_name}\nTELEPORT_INFLUXDB_ADDRESS=${influxdb_addr}\nTELEPORT_PROXY_SERVER_LB=${proxy_server_lb_addr}\nTELEPORT_S3_BUCKET=${s3_bucket}\nUSE_ACM=${use_acm}\nEOF",
                            "vars.%": "11",
                            "vars.auth_server_addr": "test1-auth-ecfac2a54d6a0940.elb.us-east-1.amazonaws.com:3025",
                            "vars.cluster_name": "test1",
                            "vars.domain_name": "cluster.imurhuckleberry.net",
                            "vars.email": "sm_peterson@yahoo.com",
                            "vars.influxdb_addr": "http://test1-monitor-8d7e62a29650f862.elb.us-east-1.amazonaws.com:8086",
                            "vars.proxy_server_lb_addr": "test1-proxy-ea66b07a231d539e.elb.us-east-1.amazonaws.com:3023",
                            "vars.region": "us-east-1",
                            "vars.s3_bucket": "cluster.imurhuckleberry.net",
                            "vars.telegraf_version": "1.5.1-1",
                            "vars.teleport_uid": "1007",
                            "vars.use_acm": "false"
                        },
                        "meta": {},
                        "tainted": false
                    },
                    "deposed": [],
                    "provider": "provider.template"
                }
            },
            "depends_on": []
        }
    ]
}
